
Microsoft Visual Studio Solution File, Format Version 10.00
# Visual Studio 2008
Project("{FAE04EC0-301F-11D3-BF4B-00C04F79EFBC}") = "RatCow.ComicReader.API", "RatCow.ComicReader.API\RatCow.ComicReader.API.csproj", "{D20DA2EE-E79C-4CB4-86D5-D42FA9753212}"
EndProject
Project("{FAE04EC0-301F-11D3-BF4B-00C04F79EFBC}") = "ComicBookReader", "ComicBookReaderApp\ComicBookReader.csproj", "{7A22E6F6-CA11-4CB7-B5E0-8EA8C7B1BBA5}"
EndProject
Global
	GlobalSection(SolutionConfigurationPlatforms) = preSolution
		Debug|Any CPU = Debug|Any CPU
		Release|Any CPU = Release|Any CPU
	EndGlobalSection
	GlobalSection(ProjectConfigurationPlatforms) = postSolution
		{D20DA2EE-E79C-4CB4-86D5-D42FA9753212}.Debug|Any CPU.ActiveCfg = Debug|Any CPU
		{D20DA2EE-E79C-4CB4-86D5-D42FA9753212}.Debug|Any CPU.Build.0 = Debug|Any CPU
		{D20DA2EE-E79C-4CB4-86D5-D42FA9753212}.Release|Any CPU.ActiveCfg = Release|Any CPU
		{D20DA2EE-E79C-4CB4-86D5-D42FA9753212}.Release|Any CPU.Build.0 = Release|Any CPU
		{7A22E6F6-CA11-4CB7-B5E0-8EA8C7B1BBA5}.Debug|Any CPU.ActiveCfg = Debug|Any CPU
		{7A22E6F6-CA11-4CB7-B5E0-8EA8C7B1BBA5}.Debug|Any CPU.Build.0 = Debug|Any CPU
		{7A22E6F6-CA11-4CB7-B5E0-8EA8C7B1BBA5}.Release|Any CPU.ActiveCfg = Release|Any CPU
		{7A22E6F6-CA11-4CB7-B5E0-8EA8C7B1BBA5}.Release|Any CPU.Build.0 = Release|Any CPU
	EndGlobalSection
	GlobalSection(SolutionProperties) = preSolution
		HideSolutionNode = FALSE
	EndGlobalSection
EndGlobal
