
Microsoft Visual Studio Solution File, Format Version 12.00
# Visual Studio 2012
Project("{2150E333-8FDC-42A3-9474-1A3956D46DE8}") = "Templates", "Templates", "{33E00D9D-BF7D-4EF0-B020-0780A136DBDA}"
EndProject
Project("{FAE04EC0-301F-11D3-BF4B-00C04F79EFBC}") = "testapp", "testapp\testapp.csproj", "{8B9E0CCB-CFDD-465E-886D-20C944E52FD7}"
EndProject
Project("{FAE04EC0-301F-11D3-BF4B-00C04F79EFBC}") = "RatCow.MvcFramework", "RatCow.MvcFramework\RatCow.MvcFramework.csproj", "{1736B130-6424-4F9D-BB98-1B2588BAFB4A}"
EndProject
Project("{FAE04EC0-301F-11D3-BF4B-00C04F79EFBC}") = "MvcTool", "MvcTool\MvcTool.csproj", "{8CDC0107-0842-41A8-AD9C-E26FFB6B7F10}"
EndProject
Project("{FAE04EC0-301F-11D3-BF4B-00C04F79EFBC}") = "RatCow.MvcFramework.Tools", "RatCow.MvcFramework.Tools\RatCow.MvcFramework.Tools.csproj", "{AA53FC2C-ADE1-4FEF-84F3-FCB566517D55}"
EndProject
Project("{FAE04EC0-301F-11D3-BF4B-00C04F79EFBC}") = "testapp2", "testapp2\testapp2.csproj", "{BFE9E0DE-77EE-405B-AB7C-D1BFEEF02EB4}"
EndProject
Project("{FAE04EC0-301F-11D3-BF4B-00C04F79EFBC}") = "RatCow.MvcFramework.Mapping", "RatCow.MvcFramework.Mapping\RatCow.MvcFramework.Mapping.csproj", "{F1884DCF-58BB-4558-AACA-317E5F098FC4}"
EndProject
Project("{FAE04EC0-301F-11D3-BF4B-00C04F79EFBC}") = "testapp3", "testapp3\testapp3.csproj", "{612AB34F-DC63-494B-B332-F86F7FCE4383}"
EndProject
Project("{FAE04EC0-301F-11D3-BF4B-00C04F79EFBC}") = "MVCApplication", "VS2010Templates\MVCApplication\MVCApplication.csproj", "{7665D6DD-54A7-43F8-83B6-3A2648F5343C}"
	ProjectSection(ProjectDependencies) = postProject
		{8CDC0107-0842-41A8-AD9C-E26FFB6B7F10} = {8CDC0107-0842-41A8-AD9C-E26FFB6B7F10}
		{AA53FC2C-ADE1-4FEF-84F3-FCB566517D55} = {AA53FC2C-ADE1-4FEF-84F3-FCB566517D55}
		{1736B130-6424-4F9D-BB98-1B2588BAFB4A} = {1736B130-6424-4F9D-BB98-1B2588BAFB4A}
		{F1884DCF-58BB-4558-AACA-317E5F098FC4} = {F1884DCF-58BB-4558-AACA-317E5F098FC4}
	EndProjectSection
EndProject
Project("{FAE04EC0-301F-11D3-BF4B-00C04F79EFBC}") = "MVCMapItem", "VS2010Templates\MVCMapItem\MVCMapItem.csproj", "{CC97F6DC-D4B0-466B-81CA-7402B73E64AB}"
EndProject
Project("{FAE04EC0-301F-11D3-BF4B-00C04F79EFBC}") = "MVCFormController", "VS2010Templates\MVCFormController\MVCFormController.csproj", "{89BFB5D2-08C3-4CB3-81B7-9345314E42B4}"
EndProject
Project("{FAE04EC0-301F-11D3-BF4B-00C04F79EFBC}") = "MVCAppPackage", "VS2010Templates\MVCAppPackage\MVCAppPackage.csproj", "{31DA3A2D-C6B3-45F0-B506-190FEB28F898}"
	ProjectSection(ProjectDependencies) = postProject
		{89BFB5D2-08C3-4CB3-81B7-9345314E42B4} = {89BFB5D2-08C3-4CB3-81B7-9345314E42B4}
		{CC97F6DC-D4B0-466B-81CA-7402B73E64AB} = {CC97F6DC-D4B0-466B-81CA-7402B73E64AB}
		{8CFDF5F0-D43D-4390-9C18-9C4CAB25FC46} = {8CFDF5F0-D43D-4390-9C18-9C4CAB25FC46}
	EndProjectSection
EndProject
Project("{FAE04EC0-301F-11D3-BF4B-00C04F79EFBC}") = "RatCow.Utilities", "..\ratcowutilities\RatCow.Utilities\RatCow.Utilities.csproj", "{6861813E-22C1-4944-B9D6-DA6284741121}"
EndProject
Project("{FAE04EC0-301F-11D3-BF4B-00C04F79EFBC}") = "RatCow.MvcFramework.MvcMapTool", "RatCow.MvcFramework.MvcMapTool\RatCow.MvcFramework.MvcMapTool.csproj", "{363E17D0-1CE8-422B-B49C-59990A982CC6}"
EndProject
Project("{FAE04EC0-301F-11D3-BF4B-00C04F79EFBC}") = "WrapperTestWinforms", "WrapperTestWinforms\WrapperTestWinforms.csproj", "{9F7B4EC6-F93A-4954-AE08-5BCA853A3F77}"
EndProject
Project("{FAE04EC0-301F-11D3-BF4B-00C04F79EFBC}") = "WrapperTestWpf", "WrapperTestWpf\WrapperTestWpf.csproj", "{A6086945-9A89-4A5A-B444-D0C500BE1DE4}"
EndProject
Project("{FAE04EC0-301F-11D3-BF4B-00C04F79EFBC}") = "RatCow.MvcFramework.WPF", "RatCow.MvcFramework.WPF\RatCow.MvcFramework.WPF.csproj", "{2A93F944-335A-41E0-9F57-757A08DE851E}"
EndProject
Project("{FAE04EC0-301F-11D3-BF4B-00C04F79EFBC}") = "MVCModalFormController", "VS2010Templates\MVCModalFormController\MVCModalFormController.csproj", "{8CFDF5F0-D43D-4390-9C18-9C4CAB25FC46}"
EndProject
Project("{FAE04EC0-301F-11D3-BF4B-00C04F79EFBC}") = "RatCow.Templates", "RatCow.Templates\RatCow.Templates.csproj", "{48BCA6DE-A6AB-4BF4-BEBA-064E902CC271}"
EndProject
Project("{FAE04EC0-301F-11D3-BF4B-00C04F79EFBC}") = "RatCow.PluginFramework", "RatCow.PluginFramework\RatCow.PluginFramework.csproj", "{B0CA9671-A456-4B6F-B2EA-FFC0946B3080}"
EndProject
Project("{FAE04EC0-301F-11D3-BF4B-00C04F79EFBC}") = "RatCow.VS.ControllerCompilerAddIn", "RatCow.VS.ControllerCompilerAddIn\RatCow.VS.ControllerCompilerAddIn.csproj", "{1AE46B4B-D3FB-4FAA-A6F0-23C929A21475}"
EndProject
Global
	GlobalSection(SolutionConfigurationPlatforms) = preSolution
		Debug|Any CPU = Debug|Any CPU
		Debug|Mixed Platforms = Debug|Mixed Platforms
		Debug|x86 = Debug|x86
		Release|Any CPU = Release|Any CPU
		Release|Mixed Platforms = Release|Mixed Platforms
		Release|x86 = Release|x86
	EndGlobalSection
	GlobalSection(ProjectConfigurationPlatforms) = postSolution
		{8B9E0CCB-CFDD-465E-886D-20C944E52FD7}.Debug|Any CPU.ActiveCfg = Debug|Any CPU
		{8B9E0CCB-CFDD-465E-886D-20C944E52FD7}.Debug|Any CPU.Build.0 = Debug|Any CPU
		{8B9E0CCB-CFDD-465E-886D-20C944E52FD7}.Debug|Mixed Platforms.ActiveCfg = Debug|Any CPU
		{8B9E0CCB-CFDD-465E-886D-20C944E52FD7}.Debug|Mixed Platforms.Build.0 = Debug|Any CPU
		{8B9E0CCB-CFDD-465E-886D-20C944E52FD7}.Debug|x86.ActiveCfg = Debug|Any CPU
		{8B9E0CCB-CFDD-465E-886D-20C944E52FD7}.Release|Any CPU.ActiveCfg = Release|Any CPU
		{8B9E0CCB-CFDD-465E-886D-20C944E52FD7}.Release|Any CPU.Build.0 = Release|Any CPU
		{8B9E0CCB-CFDD-465E-886D-20C944E52FD7}.Release|Mixed Platforms.ActiveCfg = Release|Any CPU
		{8B9E0CCB-CFDD-465E-886D-20C944E52FD7}.Release|Mixed Platforms.Build.0 = Release|Any CPU
		{8B9E0CCB-CFDD-465E-886D-20C944E52FD7}.Release|x86.ActiveCfg = Release|Any CPU
		{1736B130-6424-4F9D-BB98-1B2588BAFB4A}.Debug|Any CPU.ActiveCfg = Debug|Any CPU
		{1736B130-6424-4F9D-BB98-1B2588BAFB4A}.Debug|Any CPU.Build.0 = Debug|Any CPU
		{1736B130-6424-4F9D-BB98-1B2588BAFB4A}.Debug|Mixed Platforms.ActiveCfg = Debug|Any CPU
		{1736B130-6424-4F9D-BB98-1B2588BAFB4A}.Debug|Mixed Platforms.Build.0 = Debug|Any CPU
		{1736B130-6424-4F9D-BB98-1B2588BAFB4A}.Debug|x86.ActiveCfg = Debug|Any CPU
		{1736B130-6424-4F9D-BB98-1B2588BAFB4A}.Release|Any CPU.ActiveCfg = Release|Any CPU
		{1736B130-6424-4F9D-BB98-1B2588BAFB4A}.Release|Any CPU.Build.0 = Release|Any CPU
		{1736B130-6424-4F9D-BB98-1B2588BAFB4A}.Release|Mixed Platforms.ActiveCfg = Release|Any CPU
		{1736B130-6424-4F9D-BB98-1B2588BAFB4A}.Release|Mixed Platforms.Build.0 = Release|Any CPU
		{1736B130-6424-4F9D-BB98-1B2588BAFB4A}.Release|x86.ActiveCfg = Release|Any CPU
		{8CDC0107-0842-41A8-AD9C-E26FFB6B7F10}.Debug|Any CPU.ActiveCfg = Debug|Any CPU
		{8CDC0107-0842-41A8-AD9C-E26FFB6B7F10}.Debug|Any CPU.Build.0 = Debug|Any CPU
		{8CDC0107-0842-41A8-AD9C-E26FFB6B7F10}.Debug|Mixed Platforms.ActiveCfg = Debug|Any CPU
		{8CDC0107-0842-41A8-AD9C-E26FFB6B7F10}.Debug|Mixed Platforms.Build.0 = Debug|Any CPU
		{8CDC0107-0842-41A8-AD9C-E26FFB6B7F10}.Debug|x86.ActiveCfg = Debug|Any CPU
		{8CDC0107-0842-41A8-AD9C-E26FFB6B7F10}.Release|Any CPU.ActiveCfg = Release|Any CPU
		{8CDC0107-0842-41A8-AD9C-E26FFB6B7F10}.Release|Any CPU.Build.0 = Release|Any CPU
		{8CDC0107-0842-41A8-AD9C-E26FFB6B7F10}.Release|Mixed Platforms.ActiveCfg = Release|Any CPU
		{8CDC0107-0842-41A8-AD9C-E26FFB6B7F10}.Release|Mixed Platforms.Build.0 = Release|Any CPU
		{8CDC0107-0842-41A8-AD9C-E26FFB6B7F10}.Release|x86.ActiveCfg = Release|Any CPU
		{AA53FC2C-ADE1-4FEF-84F3-FCB566517D55}.Debug|Any CPU.ActiveCfg = Debug|Any CPU
		{AA53FC2C-ADE1-4FEF-84F3-FCB566517D55}.Debug|Any CPU.Build.0 = Debug|Any CPU
		{AA53FC2C-ADE1-4FEF-84F3-FCB566517D55}.Debug|Mixed Platforms.ActiveCfg = Debug|Any CPU
		{AA53FC2C-ADE1-4FEF-84F3-FCB566517D55}.Debug|Mixed Platforms.Build.0 = Debug|Any CPU
		{AA53FC2C-ADE1-4FEF-84F3-FCB566517D55}.Debug|x86.ActiveCfg = Debug|Any CPU
		{AA53FC2C-ADE1-4FEF-84F3-FCB566517D55}.Release|Any CPU.ActiveCfg = Release|Any CPU
		{AA53FC2C-ADE1-4FEF-84F3-FCB566517D55}.Release|Any CPU.Build.0 = Release|Any CPU
		{AA53FC2C-ADE1-4FEF-84F3-FCB566517D55}.Release|Mixed Platforms.ActiveCfg = Release|Any CPU
		{AA53FC2C-ADE1-4FEF-84F3-FCB566517D55}.Release|Mixed Platforms.Build.0 = Release|Any CPU
		{AA53FC2C-ADE1-4FEF-84F3-FCB566517D55}.Release|x86.ActiveCfg = Release|Any CPU
		{BFE9E0DE-77EE-405B-AB7C-D1BFEEF02EB4}.Debug|Any CPU.ActiveCfg = Debug|Any CPU
		{BFE9E0DE-77EE-405B-AB7C-D1BFEEF02EB4}.Debug|Any CPU.Build.0 = Debug|Any CPU
		{BFE9E0DE-77EE-405B-AB7C-D1BFEEF02EB4}.Debug|Mixed Platforms.ActiveCfg = Debug|Any CPU
		{BFE9E0DE-77EE-405B-AB7C-D1BFEEF02EB4}.Debug|Mixed Platforms.Build.0 = Debug|Any CPU
		{BFE9E0DE-77EE-405B-AB7C-D1BFEEF02EB4}.Debug|x86.ActiveCfg = Debug|Any CPU
		{BFE9E0DE-77EE-405B-AB7C-D1BFEEF02EB4}.Release|Any CPU.ActiveCfg = Release|Any CPU
		{BFE9E0DE-77EE-405B-AB7C-D1BFEEF02EB4}.Release|Any CPU.Build.0 = Release|Any CPU
		{BFE9E0DE-77EE-405B-AB7C-D1BFEEF02EB4}.Release|Mixed Platforms.ActiveCfg = Release|Any CPU
		{BFE9E0DE-77EE-405B-AB7C-D1BFEEF02EB4}.Release|Mixed Platforms.Build.0 = Release|Any CPU
		{BFE9E0DE-77EE-405B-AB7C-D1BFEEF02EB4}.Release|x86.ActiveCfg = Release|Any CPU
		{F1884DCF-58BB-4558-AACA-317E5F098FC4}.Debug|Any CPU.ActiveCfg = Debug|Any CPU
		{F1884DCF-58BB-4558-AACA-317E5F098FC4}.Debug|Any CPU.Build.0 = Debug|Any CPU
		{F1884DCF-58BB-4558-AACA-317E5F098FC4}.Debug|Mixed Platforms.ActiveCfg = Debug|Any CPU
		{F1884DCF-58BB-4558-AACA-317E5F098FC4}.Debug|Mixed Platforms.Build.0 = Debug|Any CPU
		{F1884DCF-58BB-4558-AACA-317E5F098FC4}.Debug|x86.ActiveCfg = Debug|Any CPU
		{F1884DCF-58BB-4558-AACA-317E5F098FC4}.Release|Any CPU.ActiveCfg = Release|Any CPU
		{F1884DCF-58BB-4558-AACA-317E5F098FC4}.Release|Any CPU.Build.0 = Release|Any CPU
		{F1884DCF-58BB-4558-AACA-317E5F098FC4}.Release|Mixed Platforms.ActiveCfg = Release|Any CPU
		{F1884DCF-58BB-4558-AACA-317E5F098FC4}.Release|Mixed Platforms.Build.0 = Release|Any CPU
		{F1884DCF-58BB-4558-AACA-317E5F098FC4}.Release|x86.ActiveCfg = Release|Any CPU
		{612AB34F-DC63-494B-B332-F86F7FCE4383}.Debug|Any CPU.ActiveCfg = Debug|Any CPU
		{612AB34F-DC63-494B-B332-F86F7FCE4383}.Debug|Any CPU.Build.0 = Debug|Any CPU
		{612AB34F-DC63-494B-B332-F86F7FCE4383}.Debug|Mixed Platforms.ActiveCfg = Debug|Any CPU
		{612AB34F-DC63-494B-B332-F86F7FCE4383}.Debug|Mixed Platforms.Build.0 = Debug|Any CPU
		{612AB34F-DC63-494B-B332-F86F7FCE4383}.Debug|x86.ActiveCfg = Debug|Any CPU
		{612AB34F-DC63-494B-B332-F86F7FCE4383}.Release|Any CPU.ActiveCfg = Release|Any CPU
		{612AB34F-DC63-494B-B332-F86F7FCE4383}.Release|Any CPU.Build.0 = Release|Any CPU
		{612AB34F-DC63-494B-B332-F86F7FCE4383}.Release|Mixed Platforms.ActiveCfg = Release|Any CPU
		{612AB34F-DC63-494B-B332-F86F7FCE4383}.Release|Mixed Platforms.Build.0 = Release|Any CPU
		{612AB34F-DC63-494B-B332-F86F7FCE4383}.Release|x86.ActiveCfg = Release|Any CPU
		{7665D6DD-54A7-43F8-83B6-3A2648F5343C}.Debug|Any CPU.ActiveCfg = Debug|Any CPU
		{7665D6DD-54A7-43F8-83B6-3A2648F5343C}.Debug|Any CPU.Build.0 = Debug|Any CPU
		{7665D6DD-54A7-43F8-83B6-3A2648F5343C}.Debug|Mixed Platforms.ActiveCfg = Debug|Any CPU
		{7665D6DD-54A7-43F8-83B6-3A2648F5343C}.Debug|Mixed Platforms.Build.0 = Debug|Any CPU
		{7665D6DD-54A7-43F8-83B6-3A2648F5343C}.Debug|x86.ActiveCfg = Debug|Any CPU
		{7665D6DD-54A7-43F8-83B6-3A2648F5343C}.Release|Any CPU.ActiveCfg = Release|Any CPU
		{7665D6DD-54A7-43F8-83B6-3A2648F5343C}.Release|Any CPU.Build.0 = Release|Any CPU
		{7665D6DD-54A7-43F8-83B6-3A2648F5343C}.Release|Mixed Platforms.ActiveCfg = Release|Any CPU
		{7665D6DD-54A7-43F8-83B6-3A2648F5343C}.Release|Mixed Platforms.Build.0 = Release|Any CPU
		{7665D6DD-54A7-43F8-83B6-3A2648F5343C}.Release|x86.ActiveCfg = Release|Any CPU
		{CC97F6DC-D4B0-466B-81CA-7402B73E64AB}.Debug|Any CPU.ActiveCfg = Debug|Any CPU
		{CC97F6DC-D4B0-466B-81CA-7402B73E64AB}.Debug|Any CPU.Build.0 = Debug|Any CPU
		{CC97F6DC-D4B0-466B-81CA-7402B73E64AB}.Debug|Mixed Platforms.ActiveCfg = Debug|Any CPU
		{CC97F6DC-D4B0-466B-81CA-7402B73E64AB}.Debug|Mixed Platforms.Build.0 = Debug|Any CPU
		{CC97F6DC-D4B0-466B-81CA-7402B73E64AB}.Debug|x86.ActiveCfg = Debug|Any CPU
		{CC97F6DC-D4B0-466B-81CA-7402B73E64AB}.Release|Any CPU.ActiveCfg = Release|Any CPU
		{CC97F6DC-D4B0-466B-81CA-7402B73E64AB}.Release|Any CPU.Build.0 = Release|Any CPU
		{CC97F6DC-D4B0-466B-81CA-7402B73E64AB}.Release|Mixed Platforms.ActiveCfg = Release|Any CPU
		{CC97F6DC-D4B0-466B-81CA-7402B73E64AB}.Release|Mixed Platforms.Build.0 = Release|Any CPU
		{CC97F6DC-D4B0-466B-81CA-7402B73E64AB}.Release|x86.ActiveCfg = Release|Any CPU
		{89BFB5D2-08C3-4CB3-81B7-9345314E42B4}.Debug|Any CPU.ActiveCfg = Debug|Any CPU
		{89BFB5D2-08C3-4CB3-81B7-9345314E42B4}.Debug|Any CPU.Build.0 = Debug|Any CPU
		{89BFB5D2-08C3-4CB3-81B7-9345314E42B4}.Debug|Mixed Platforms.ActiveCfg = Debug|Any CPU
		{89BFB5D2-08C3-4CB3-81B7-9345314E42B4}.Debug|Mixed Platforms.Build.0 = Debug|Any CPU
		{89BFB5D2-08C3-4CB3-81B7-9345314E42B4}.Debug|x86.ActiveCfg = Debug|Any CPU
		{89BFB5D2-08C3-4CB3-81B7-9345314E42B4}.Release|Any CPU.ActiveCfg = Release|Any CPU
		{89BFB5D2-08C3-4CB3-81B7-9345314E42B4}.Release|Any CPU.Build.0 = Release|Any CPU
		{89BFB5D2-08C3-4CB3-81B7-9345314E42B4}.Release|Mixed Platforms.ActiveCfg = Release|Any CPU
		{89BFB5D2-08C3-4CB3-81B7-9345314E42B4}.Release|Mixed Platforms.Build.0 = Release|Any CPU
		{89BFB5D2-08C3-4CB3-81B7-9345314E42B4}.Release|x86.ActiveCfg = Release|Any CPU
		{31DA3A2D-C6B3-45F0-B506-190FEB28F898}.Debug|Any CPU.ActiveCfg = Debug|Any CPU
		{31DA3A2D-C6B3-45F0-B506-190FEB28F898}.Debug|Any CPU.Build.0 = Debug|Any CPU
		{31DA3A2D-C6B3-45F0-B506-190FEB28F898}.Debug|Mixed Platforms.ActiveCfg = Debug|Any CPU
		{31DA3A2D-C6B3-45F0-B506-190FEB28F898}.Debug|Mixed Platforms.Build.0 = Debug|Any CPU
		{31DA3A2D-C6B3-45F0-B506-190FEB28F898}.Debug|x86.ActiveCfg = Debug|Any CPU
		{31DA3A2D-C6B3-45F0-B506-190FEB28F898}.Release|Any CPU.ActiveCfg = Release|Any CPU
		{31DA3A2D-C6B3-45F0-B506-190FEB28F898}.Release|Any CPU.Build.0 = Release|Any CPU
		{31DA3A2D-C6B3-45F0-B506-190FEB28F898}.Release|Mixed Platforms.ActiveCfg = Release|Any CPU
		{31DA3A2D-C6B3-45F0-B506-190FEB28F898}.Release|Mixed Platforms.Build.0 = Release|Any CPU
		{31DA3A2D-C6B3-45F0-B506-190FEB28F898}.Release|x86.ActiveCfg = Release|Any CPU
		{6861813E-22C1-4944-B9D6-DA6284741121}.Debug|Any CPU.ActiveCfg = Debug|Any CPU
		{6861813E-22C1-4944-B9D6-DA6284741121}.Debug|Any CPU.Build.0 = Debug|Any CPU
		{6861813E-22C1-4944-B9D6-DA6284741121}.Debug|Mixed Platforms.ActiveCfg = Debug|Any CPU
		{6861813E-22C1-4944-B9D6-DA6284741121}.Debug|Mixed Platforms.Build.0 = Debug|Any CPU
		{6861813E-22C1-4944-B9D6-DA6284741121}.Debug|x86.ActiveCfg = Debug|Any CPU
		{6861813E-22C1-4944-B9D6-DA6284741121}.Release|Any CPU.ActiveCfg = Release|Any CPU
		{6861813E-22C1-4944-B9D6-DA6284741121}.Release|Any CPU.Build.0 = Release|Any CPU
		{6861813E-22C1-4944-B9D6-DA6284741121}.Release|Mixed Platforms.ActiveCfg = Release|Any CPU
		{6861813E-22C1-4944-B9D6-DA6284741121}.Release|Mixed Platforms.Build.0 = Release|Any CPU
		{6861813E-22C1-4944-B9D6-DA6284741121}.Release|x86.ActiveCfg = Release|Any CPU
		{363E17D0-1CE8-422B-B49C-59990A982CC6}.Debug|Any CPU.ActiveCfg = Debug|Any CPU
		{363E17D0-1CE8-422B-B49C-59990A982CC6}.Debug|Any CPU.Build.0 = Debug|Any CPU
		{363E17D0-1CE8-422B-B49C-59990A982CC6}.Debug|Mixed Platforms.ActiveCfg = Debug|Any CPU
		{363E17D0-1CE8-422B-B49C-59990A982CC6}.Debug|Mixed Platforms.Build.0 = Debug|Any CPU
		{363E17D0-1CE8-422B-B49C-59990A982CC6}.Debug|x86.ActiveCfg = Debug|Any CPU
		{363E17D0-1CE8-422B-B49C-59990A982CC6}.Release|Any CPU.ActiveCfg = Release|Any CPU
		{363E17D0-1CE8-422B-B49C-59990A982CC6}.Release|Any CPU.Build.0 = Release|Any CPU
		{363E17D0-1CE8-422B-B49C-59990A982CC6}.Release|Mixed Platforms.ActiveCfg = Release|Any CPU
		{363E17D0-1CE8-422B-B49C-59990A982CC6}.Release|Mixed Platforms.Build.0 = Release|Any CPU
		{363E17D0-1CE8-422B-B49C-59990A982CC6}.Release|x86.ActiveCfg = Release|Any CPU
		{9F7B4EC6-F93A-4954-AE08-5BCA853A3F77}.Debug|Any CPU.ActiveCfg = Debug|Any CPU
		{9F7B4EC6-F93A-4954-AE08-5BCA853A3F77}.Debug|Any CPU.Build.0 = Debug|Any CPU
		{9F7B4EC6-F93A-4954-AE08-5BCA853A3F77}.Debug|Mixed Platforms.ActiveCfg = Debug|Any CPU
		{9F7B4EC6-F93A-4954-AE08-5BCA853A3F77}.Debug|Mixed Platforms.Build.0 = Debug|Any CPU
		{9F7B4EC6-F93A-4954-AE08-5BCA853A3F77}.Debug|x86.ActiveCfg = Debug|Any CPU
		{9F7B4EC6-F93A-4954-AE08-5BCA853A3F77}.Release|Any CPU.ActiveCfg = Release|Any CPU
		{9F7B4EC6-F93A-4954-AE08-5BCA853A3F77}.Release|Any CPU.Build.0 = Release|Any CPU
		{9F7B4EC6-F93A-4954-AE08-5BCA853A3F77}.Release|Mixed Platforms.ActiveCfg = Release|Any CPU
		{9F7B4EC6-F93A-4954-AE08-5BCA853A3F77}.Release|Mixed Platforms.Build.0 = Release|Any CPU
		{9F7B4EC6-F93A-4954-AE08-5BCA853A3F77}.Release|x86.ActiveCfg = Release|Any CPU
		{A6086945-9A89-4A5A-B444-D0C500BE1DE4}.Debug|Any CPU.ActiveCfg = Debug|x86
		{A6086945-9A89-4A5A-B444-D0C500BE1DE4}.Debug|Mixed Platforms.ActiveCfg = Debug|x86
		{A6086945-9A89-4A5A-B444-D0C500BE1DE4}.Debug|Mixed Platforms.Build.0 = Debug|x86
		{A6086945-9A89-4A5A-B444-D0C500BE1DE4}.Debug|x86.ActiveCfg = Debug|x86
		{A6086945-9A89-4A5A-B444-D0C500BE1DE4}.Debug|x86.Build.0 = Debug|x86
		{A6086945-9A89-4A5A-B444-D0C500BE1DE4}.Release|Any CPU.ActiveCfg = Release|x86
		{A6086945-9A89-4A5A-B444-D0C500BE1DE4}.Release|Mixed Platforms.ActiveCfg = Release|x86
		{A6086945-9A89-4A5A-B444-D0C500BE1DE4}.Release|Mixed Platforms.Build.0 = Release|x86
		{A6086945-9A89-4A5A-B444-D0C500BE1DE4}.Release|x86.ActiveCfg = Release|x86
		{A6086945-9A89-4A5A-B444-D0C500BE1DE4}.Release|x86.Build.0 = Release|x86
		{2A93F944-335A-41E0-9F57-757A08DE851E}.Debug|Any CPU.ActiveCfg = Debug|Any CPU
		{2A93F944-335A-41E0-9F57-757A08DE851E}.Debug|Any CPU.Build.0 = Debug|Any CPU
		{2A93F944-335A-41E0-9F57-757A08DE851E}.Debug|Mixed Platforms.ActiveCfg = Debug|Any CPU
		{2A93F944-335A-41E0-9F57-757A08DE851E}.Debug|Mixed Platforms.Build.0 = Debug|Any CPU
		{2A93F944-335A-41E0-9F57-757A08DE851E}.Debug|x86.ActiveCfg = Debug|Any CPU
		{2A93F944-335A-41E0-9F57-757A08DE851E}.Release|Any CPU.ActiveCfg = Release|Any CPU
		{2A93F944-335A-41E0-9F57-757A08DE851E}.Release|Any CPU.Build.0 = Release|Any CPU
		{2A93F944-335A-41E0-9F57-757A08DE851E}.Release|Mixed Platforms.ActiveCfg = Release|Any CPU
		{2A93F944-335A-41E0-9F57-757A08DE851E}.Release|Mixed Platforms.Build.0 = Release|Any CPU
		{2A93F944-335A-41E0-9F57-757A08DE851E}.Release|x86.ActiveCfg = Release|Any CPU
		{8CFDF5F0-D43D-4390-9C18-9C4CAB25FC46}.Debug|Any CPU.ActiveCfg = Debug|Any CPU
		{8CFDF5F0-D43D-4390-9C18-9C4CAB25FC46}.Debug|Any CPU.Build.0 = Debug|Any CPU
		{8CFDF5F0-D43D-4390-9C18-9C4CAB25FC46}.Debug|Mixed Platforms.ActiveCfg = Debug|Any CPU
		{8CFDF5F0-D43D-4390-9C18-9C4CAB25FC46}.Debug|Mixed Platforms.Build.0 = Debug|Any CPU
		{8CFDF5F0-D43D-4390-9C18-9C4CAB25FC46}.Debug|x86.ActiveCfg = Debug|Any CPU
		{8CFDF5F0-D43D-4390-9C18-9C4CAB25FC46}.Release|Any CPU.ActiveCfg = Release|Any CPU
		{8CFDF5F0-D43D-4390-9C18-9C4CAB25FC46}.Release|Any CPU.Build.0 = Release|Any CPU
		{8CFDF5F0-D43D-4390-9C18-9C4CAB25FC46}.Release|Mixed Platforms.ActiveCfg = Release|Any CPU
		{8CFDF5F0-D43D-4390-9C18-9C4CAB25FC46}.Release|Mixed Platforms.Build.0 = Release|Any CPU
		{8CFDF5F0-D43D-4390-9C18-9C4CAB25FC46}.Release|x86.ActiveCfg = Release|Any CPU
		{48BCA6DE-A6AB-4BF4-BEBA-064E902CC271}.Debug|Any CPU.ActiveCfg = Debug|Any CPU
		{48BCA6DE-A6AB-4BF4-BEBA-064E902CC271}.Debug|Any CPU.Build.0 = Debug|Any CPU
		{48BCA6DE-A6AB-4BF4-BEBA-064E902CC271}.Debug|Mixed Platforms.ActiveCfg = Debug|Any CPU
		{48BCA6DE-A6AB-4BF4-BEBA-064E902CC271}.Debug|Mixed Platforms.Build.0 = Debug|Any CPU
		{48BCA6DE-A6AB-4BF4-BEBA-064E902CC271}.Debug|x86.ActiveCfg = Debug|Any CPU
		{48BCA6DE-A6AB-4BF4-BEBA-064E902CC271}.Release|Any CPU.ActiveCfg = Release|Any CPU
		{48BCA6DE-A6AB-4BF4-BEBA-064E902CC271}.Release|Any CPU.Build.0 = Release|Any CPU
		{48BCA6DE-A6AB-4BF4-BEBA-064E902CC271}.Release|Mixed Platforms.ActiveCfg = Release|Any CPU
		{48BCA6DE-A6AB-4BF4-BEBA-064E902CC271}.Release|Mixed Platforms.Build.0 = Release|Any CPU
		{48BCA6DE-A6AB-4BF4-BEBA-064E902CC271}.Release|x86.ActiveCfg = Release|Any CPU
		{B0CA9671-A456-4B6F-B2EA-FFC0946B3080}.Debug|Any CPU.ActiveCfg = Debug|Any CPU
		{B0CA9671-A456-4B6F-B2EA-FFC0946B3080}.Debug|Any CPU.Build.0 = Debug|Any CPU
		{B0CA9671-A456-4B6F-B2EA-FFC0946B3080}.Debug|Mixed Platforms.ActiveCfg = Debug|Any CPU
		{B0CA9671-A456-4B6F-B2EA-FFC0946B3080}.Debug|Mixed Platforms.Build.0 = Debug|Any CPU
		{B0CA9671-A456-4B6F-B2EA-FFC0946B3080}.Debug|x86.ActiveCfg = Debug|Any CPU
		{B0CA9671-A456-4B6F-B2EA-FFC0946B3080}.Release|Any CPU.ActiveCfg = Release|Any CPU
		{B0CA9671-A456-4B6F-B2EA-FFC0946B3080}.Release|Any CPU.Build.0 = Release|Any CPU
		{B0CA9671-A456-4B6F-B2EA-FFC0946B3080}.Release|Mixed Platforms.ActiveCfg = Release|Any CPU
		{B0CA9671-A456-4B6F-B2EA-FFC0946B3080}.Release|Mixed Platforms.Build.0 = Release|Any CPU
		{B0CA9671-A456-4B6F-B2EA-FFC0946B3080}.Release|x86.ActiveCfg = Release|Any CPU
		{1AE46B4B-D3FB-4FAA-A6F0-23C929A21475}.Debug|Any CPU.ActiveCfg = Debug|Any CPU
		{1AE46B4B-D3FB-4FAA-A6F0-23C929A21475}.Debug|Any CPU.Build.0 = Debug|Any CPU
		{1AE46B4B-D3FB-4FAA-A6F0-23C929A21475}.Debug|Mixed Platforms.ActiveCfg = Debug|Any CPU
		{1AE46B4B-D3FB-4FAA-A6F0-23C929A21475}.Debug|Mixed Platforms.Build.0 = Debug|Any CPU
		{1AE46B4B-D3FB-4FAA-A6F0-23C929A21475}.Debug|x86.ActiveCfg = Debug|Any CPU
		{1AE46B4B-D3FB-4FAA-A6F0-23C929A21475}.Release|Any CPU.ActiveCfg = Release|Any CPU
		{1AE46B4B-D3FB-4FAA-A6F0-23C929A21475}.Release|Any CPU.Build.0 = Release|Any CPU
		{1AE46B4B-D3FB-4FAA-A6F0-23C929A21475}.Release|Mixed Platforms.ActiveCfg = Release|Any CPU
		{1AE46B4B-D3FB-4FAA-A6F0-23C929A21475}.Release|Mixed Platforms.Build.0 = Release|Any CPU
		{1AE46B4B-D3FB-4FAA-A6F0-23C929A21475}.Release|x86.ActiveCfg = Release|Any CPU
	EndGlobalSection
	GlobalSection(SolutionProperties) = preSolution
		HideSolutionNode = FALSE
	EndGlobalSection
	GlobalSection(NestedProjects) = preSolution
		{7665D6DD-54A7-43F8-83B6-3A2648F5343C} = {33E00D9D-BF7D-4EF0-B020-0780A136DBDA}
		{CC97F6DC-D4B0-466B-81CA-7402B73E64AB} = {33E00D9D-BF7D-4EF0-B020-0780A136DBDA}
		{89BFB5D2-08C3-4CB3-81B7-9345314E42B4} = {33E00D9D-BF7D-4EF0-B020-0780A136DBDA}
		{31DA3A2D-C6B3-45F0-B506-190FEB28F898} = {33E00D9D-BF7D-4EF0-B020-0780A136DBDA}
		{8CFDF5F0-D43D-4390-9C18-9C4CAB25FC46} = {33E00D9D-BF7D-4EF0-B020-0780A136DBDA}
		{48BCA6DE-A6AB-4BF4-BEBA-064E902CC271} = {33E00D9D-BF7D-4EF0-B020-0780A136DBDA}
		{1AE46B4B-D3FB-4FAA-A6F0-23C929A21475} = {33E00D9D-BF7D-4EF0-B020-0780A136DBDA}
	EndGlobalSection
EndGlobal
