
Microsoft Visual Studio Solution File, Format Version 11.00
# Visual Studio 2010
Project("{2150E333-8FDC-42A3-9474-1A3956D46DE8}") = "examples", "examples", "{A8094320-EA85-4613-A6D5-D640D2B98127}"
EndProject
Project("{2150E333-8FDC-42A3-9474-1A3956D46DE8}") = "setup", "setup", "{97CE5435-30CC-4E5B-9903-F1653B0C9191}"
EndProject
Project("{2150E333-8FDC-42A3-9474-1A3956D46DE8}") = "tests", "tests", "{2160B1A6-45BD-4533-B100-03C20F3F6831}"
EndProject
Project("{FAE04EC0-301F-11D3-BF4B-00C04F79EFBC}") = "sharpallegro", "sharpallegro.csproj", "{E24F7FAB-267A-4A33-A057-6F661C7C4FB8}"
EndProject
Project("{FAE04EC0-301F-11D3-BF4B-00C04F79EFBC}") = "sharpallegro_test", "sharpallegro_test.csproj", "{317434C3-32EC-4A05-873D-398DD97F12F2}"
EndProject
Project("{FAE04EC0-301F-11D3-BF4B-00C04F79EFBC}") = "exhello", "examples\exhello.csproj", "{9ED8DC35-2B92-4C57-9B0B-50807BC64F30}"
EndProject
Project("{FAE04EC0-301F-11D3-BF4B-00C04F79EFBC}") = "exmem", "examples\exmem.csproj", "{079D400F-04BE-4EEF-8C9F-2C75E5994F54}"
EndProject
Project("{FAE04EC0-301F-11D3-BF4B-00C04F79EFBC}") = "exfixed", "examples\exfixed.csproj", "{6BAE6E3C-AC3B-46E7-B74C-8A4ACA27DB5E}"
EndProject
Project("{FAE04EC0-301F-11D3-BF4B-00C04F79EFBC}") = "exdbuf", "examples\exdbuf.csproj", "{5B76BA97-D33C-4F37-BB4C-32B67A68EDF3}"
EndProject
Project("{FAE04EC0-301F-11D3-BF4B-00C04F79EFBC}") = "exflip", "examples\exflip.csproj", "{8790192A-674E-4FAC-8C0C-84F314B40345}"
EndProject
Project("{FAE04EC0-301F-11D3-BF4B-00C04F79EFBC}") = "exmouse", "examples\exmouse.csproj", "{41F0FAF0-E547-4213-A074-184FC9B547AE}"
EndProject
Project("{FAE04EC0-301F-11D3-BF4B-00C04F79EFBC}") = "expal", "examples\expal.csproj", "{BC9F91EF-AB68-4574-9003-695BE27A0CC6}"
EndProject
Project("{FAE04EC0-301F-11D3-BF4B-00C04F79EFBC}") = "exscale", "examples\exscale.csproj", "{FD9AF026-222E-4F98-8D0B-911BF6127F0A}"
EndProject
Project("{FAE04EC0-301F-11D3-BF4B-00C04F79EFBC}") = "extruec", "examples\extruec.csproj", "{741D135D-52A3-4934-BDB0-B6780B04D6D6}"
EndProject
Project("{FAE04EC0-301F-11D3-BF4B-00C04F79EFBC}") = "extimer", "examples\extimer.csproj", "{C8A0ED7E-CB46-4127-B511-E9C85FF77003}"
EndProject
Project("{FAE04EC0-301F-11D3-BF4B-00C04F79EFBC}") = "exsyscur", "examples\exsyscur.csproj", "{6FE8960C-36B3-41C6-9782-636CA00FD6F3}"
EndProject
Project("{FAE04EC0-301F-11D3-BF4B-00C04F79EFBC}") = "exswitch", "examples\exswitch.csproj", "{C387251D-FD09-4094-9363-F5D818FA97FA}"
EndProject
Project("{FAE04EC0-301F-11D3-BF4B-00C04F79EFBC}") = "exsprite", "examples\exsprite.csproj", "{B541A2FE-3410-449F-81C3-146543BE5CEC}"
EndProject
Project("{FAE04EC0-301F-11D3-BF4B-00C04F79EFBC}") = "exalpha", "examples\exalpha.csproj", "{97C239FA-FBE4-4496-8C8C-AFCC1D4AFCBE}"
EndProject
Project("{FAE04EC0-301F-11D3-BF4B-00C04F79EFBC}") = "exbitmap", "examples\exbitmap.csproj", "{E593BF2E-874A-4E79-9DE0-39713BCAF022}"
EndProject
Project("{FAE04EC0-301F-11D3-BF4B-00C04F79EFBC}") = "exblend", "examples\exblend.csproj", "{4510E278-A39A-4E91-B9BA-31ECE745ADDD}"
EndProject
Project("{FAE04EC0-301F-11D3-BF4B-00C04F79EFBC}") = "exdata", "examples\exdata.csproj", "{10A45B5A-6047-42CD-817B-90536A6D3A19}"
EndProject
Project("{FAE04EC0-301F-11D3-BF4B-00C04F79EFBC}") = "exfont", "examples\exfont.csproj", "{036B76D1-4D52-4060-BAAE-1924025BC8B6}"
EndProject
Project("{FAE04EC0-301F-11D3-BF4B-00C04F79EFBC}") = "exscroll", "examples\exscroll.csproj", "{455F38B1-9A1F-46CC-A716-9DB397C0FBB7}"
EndProject
Project("{FAE04EC0-301F-11D3-BF4B-00C04F79EFBC}") = "exsample", "examples\exsample.csproj", "{2AF55FF0-C420-4FA2-956E-1F0060DB81B6}"
EndProject
Project("{FAE04EC0-301F-11D3-BF4B-00C04F79EFBC}") = "exmidi", "examples\exmidi.csproj", "{4C2973C6-3576-4C16-98D9-3AC6CDA53705}"
EndProject
Project("{FAE04EC0-301F-11D3-BF4B-00C04F79EFBC}") = "exspline", "examples\exspline.csproj", "{C50E5698-69BC-4CEA-946F-D3D3289CC42F}"
EndProject
Project("{FAE04EC0-301F-11D3-BF4B-00C04F79EFBC}") = "exupdate", "examples\exupdate.csproj", "{3CF9AD62-F9C5-4072-B557-43367CFDB23F}"
EndProject
Project("{FAE04EC0-301F-11D3-BF4B-00C04F79EFBC}") = "exxfade", "examples\exxfade.csproj", "{2359C1DC-25FB-40E0-8B9B-C4CA4F89D8A2}"
EndProject
Project("{FAE04EC0-301F-11D3-BF4B-00C04F79EFBC}") = "exaccel", "examples\exaccel.csproj", "{A2163D5D-725C-4E32-815B-7532418ABCDE}"
EndProject
Project("{FAE04EC0-301F-11D3-BF4B-00C04F79EFBC}") = "ex3buf", "examples\ex3buf.csproj", "{B49819AD-8D3D-425A-997D-60ADB217D102}"
EndProject
Project("{FAE04EC0-301F-11D3-BF4B-00C04F79EFBC}") = "exflame", "examples\exflame.csproj", "{CE1E7B12-3AB5-4BA3-AC26-0C1E5AC097AB}"
EndProject
Project("{FAE04EC0-301F-11D3-BF4B-00C04F79EFBC}") = "exzbuf", "examples\exzbuf.csproj", "{8499301E-AE85-4ED9-8814-1F673E364E29}"
EndProject
Project("{FAE04EC0-301F-11D3-BF4B-00C04F79EFBC}") = "extrans", "examples\extrans.csproj", "{8599D4A8-96F7-49F5-9368-6D8186144744}"
EndProject
Project("{FAE04EC0-301F-11D3-BF4B-00C04F79EFBC}") = "expat", "examples\expat.csproj", "{65F6D925-1A42-4C7D-8C62-0B52B385886A}"
EndProject
Project("{FAE04EC0-301F-11D3-BF4B-00C04F79EFBC}") = "exstream", "examples\exstream.csproj", "{D481525A-711F-44E3-AA49-14DFBCEBA310}"
EndProject
Project("{FAE04EC0-301F-11D3-BF4B-00C04F79EFBC}") = "exquat", "examples\exquat.csproj", "{FE5B6D37-01A6-4E68-888E-9358CD6A60E7}"
EndProject
Project("{FAE04EC0-301F-11D3-BF4B-00C04F79EFBC}") = "exshade", "examples\exshade.csproj", "{6A9E40C8-1B55-460D-BC9C-88A8F0DB3BB7}"
EndProject
Project("{FAE04EC0-301F-11D3-BF4B-00C04F79EFBC}") = "excolmap", "examples\excolmap.csproj", "{97D5CFDB-BBB5-4D44-9301-40A64D7530DF}"
EndProject
Project("{FAE04EC0-301F-11D3-BF4B-00C04F79EFBC}") = "exstars", "examples\exstars.csproj", "{D93EFECD-197B-4B6F-A327-977F601B1A9B}"
EndProject
Project("{FAE04EC0-301F-11D3-BF4B-00C04F79EFBC}") = "ex3d", "examples\ex3d.csproj", "{BB1F485F-13AC-4868-9955-9F1D54316BA1}"
EndProject
Project("{FAE04EC0-301F-11D3-BF4B-00C04F79EFBC}") = "exunicod", "examples\exunicod.csproj", "{B82F0FEB-55B1-4AC8-AE94-E9EE0AA45733}"
EndProject
Project("{FAE04EC0-301F-11D3-BF4B-00C04F79EFBC}") = "exconfig", "examples\exconfig.csproj", "{4B59C2C2-8B32-4AB2-AC52-655C28A49B4C}"
EndProject
Project("{FAE04EC0-301F-11D3-BF4B-00C04F79EFBC}") = "exkeys", "examples\exkeys.csproj", "{313ABA81-1196-4885-ACC5-1A9EE7E9C44D}"
EndProject
Project("{FAE04EC0-301F-11D3-BF4B-00C04F79EFBC}") = "exexedat", "examples\exexedat.csproj", "{1C630EEB-498A-41F1-B692-20C46251A04B}"
EndProject
Project("{FAE04EC0-301F-11D3-BF4B-00C04F79EFBC}") = "exjoy", "examples\exjoy.csproj", "{1CC233C8-45CD-442E-9212-BBD74478C23B}"
EndProject
Project("{FAE04EC0-301F-11D3-BF4B-00C04F79EFBC}") = "excustom", "examples\excustom.csproj", "{27C7CA00-B5F0-4345-91E9-B523BF1DA01F}"
EndProject
Project("{FAE04EC0-301F-11D3-BF4B-00C04F79EFBC}") = "exrgbhsv", "examples\exrgbhsv.csproj", "{13DFC3C8-D31E-4766-8049-6E5E1E7B9E77}"
EndProject
Project("{FAE04EC0-301F-11D3-BF4B-00C04F79EFBC}") = "exgui", "examples\exgui.csproj", "{EDB5CE00-9F9C-49C8-9393-5995A12785C8}"
EndProject
Project("{FAE04EC0-301F-11D3-BF4B-00C04F79EFBC}") = "exlights", "examples\exlights.csproj", "{C77E31BE-14D9-4C09-96BF-081CFE20CA9F}"
EndProject
Project("{FAE04EC0-301F-11D3-BF4B-00C04F79EFBC}") = "exscn3d", "examples\exscn3d.csproj", "{5B73A4AA-663A-4627-BCA1-64B4E533E741}"
EndProject
Project("{FAE04EC0-301F-11D3-BF4B-00C04F79EFBC}") = "ex12bit", "examples\ex12bit.csproj", "{857C6C4A-A8B7-4E82-B49C-E6382AB1AE8D}"
EndProject
Project("{FAE04EC0-301F-11D3-BF4B-00C04F79EFBC}") = "expackf", "examples\expackf.csproj", "{8EF47733-C062-4F26-87F1-70C26CF57EA4}"
EndProject
Project("{FAE04EC0-301F-11D3-BF4B-00C04F79EFBC}") = "excamera", "examples\excamera.csproj", "{D1BE96B1-DA69-4257-A63A-BD12E77E1324}"
EndProject
Project("{FAE04EC0-301F-11D3-BF4B-00C04F79EFBC}") = "setup", "setup\setup.csproj", "{4137E9B9-F4F2-4E14-ABE8-1BBE71F329E4}"
EndProject
Project("{FAE04EC0-301F-11D3-BF4B-00C04F79EFBC}") = "playfli", "tests\playfli.csproj", "{85F8BAD7-3805-4C56-B1E1-6F90C056AF16}"
EndProject
Project("{FAE04EC0-301F-11D3-BF4B-00C04F79EFBC}") = "gfxinfo", "tests\gfxinfo.csproj", "{58A662F0-D5AE-4E07-9717-6ADD9A105A01}"
EndProject
Project("{FAE04EC0-301F-11D3-BF4B-00C04F79EFBC}") = "cpptest", "tests\cpptest.csproj", "{FE7CC6AC-35D1-4D99-ADDE-456378404BCE}"
EndProject
Global
	GlobalSection(SolutionConfigurationPlatforms) = preSolution
		Debug|Any CPU = Debug|Any CPU
		Release|Any CPU = Release|Any CPU
	EndGlobalSection
	GlobalSection(ProjectConfigurationPlatforms) = postSolution
		{E24F7FAB-267A-4A33-A057-6F661C7C4FB8}.Debug|Any CPU.ActiveCfg = Debug|Any CPU
		{E24F7FAB-267A-4A33-A057-6F661C7C4FB8}.Debug|Any CPU.Build.0 = Debug|Any CPU
		{E24F7FAB-267A-4A33-A057-6F661C7C4FB8}.Release|Any CPU.ActiveCfg = Release|Any CPU
		{E24F7FAB-267A-4A33-A057-6F661C7C4FB8}.Release|Any CPU.Build.0 = Release|Any CPU
		{317434C3-32EC-4A05-873D-398DD97F12F2}.Debug|Any CPU.ActiveCfg = Debug|Any CPU
		{317434C3-32EC-4A05-873D-398DD97F12F2}.Debug|Any CPU.Build.0 = Debug|Any CPU
		{317434C3-32EC-4A05-873D-398DD97F12F2}.Release|Any CPU.ActiveCfg = Release|Any CPU
		{317434C3-32EC-4A05-873D-398DD97F12F2}.Release|Any CPU.Build.0 = Release|Any CPU
		{9ED8DC35-2B92-4C57-9B0B-50807BC64F30}.Debug|Any CPU.ActiveCfg = Debug|Any CPU
		{9ED8DC35-2B92-4C57-9B0B-50807BC64F30}.Debug|Any CPU.Build.0 = Debug|Any CPU
		{9ED8DC35-2B92-4C57-9B0B-50807BC64F30}.Release|Any CPU.ActiveCfg = Release|Any CPU
		{9ED8DC35-2B92-4C57-9B0B-50807BC64F30}.Release|Any CPU.Build.0 = Release|Any CPU
		{079D400F-04BE-4EEF-8C9F-2C75E5994F54}.Debug|Any CPU.ActiveCfg = Debug|Any CPU
		{079D400F-04BE-4EEF-8C9F-2C75E5994F54}.Debug|Any CPU.Build.0 = Debug|Any CPU
		{079D400F-04BE-4EEF-8C9F-2C75E5994F54}.Release|Any CPU.ActiveCfg = Release|Any CPU
		{079D400F-04BE-4EEF-8C9F-2C75E5994F54}.Release|Any CPU.Build.0 = Release|Any CPU
		{6BAE6E3C-AC3B-46E7-B74C-8A4ACA27DB5E}.Debug|Any CPU.ActiveCfg = Debug|Any CPU
		{6BAE6E3C-AC3B-46E7-B74C-8A4ACA27DB5E}.Debug|Any CPU.Build.0 = Debug|Any CPU
		{6BAE6E3C-AC3B-46E7-B74C-8A4ACA27DB5E}.Release|Any CPU.ActiveCfg = Release|Any CPU
		{6BAE6E3C-AC3B-46E7-B74C-8A4ACA27DB5E}.Release|Any CPU.Build.0 = Release|Any CPU
		{5B76BA97-D33C-4F37-BB4C-32B67A68EDF3}.Debug|Any CPU.ActiveCfg = Debug|Any CPU
		{5B76BA97-D33C-4F37-BB4C-32B67A68EDF3}.Debug|Any CPU.Build.0 = Debug|Any CPU
		{5B76BA97-D33C-4F37-BB4C-32B67A68EDF3}.Release|Any CPU.ActiveCfg = Release|Any CPU
		{5B76BA97-D33C-4F37-BB4C-32B67A68EDF3}.Release|Any CPU.Build.0 = Release|Any CPU
		{8790192A-674E-4FAC-8C0C-84F314B40345}.Debug|Any CPU.ActiveCfg = Debug|Any CPU
		{8790192A-674E-4FAC-8C0C-84F314B40345}.Debug|Any CPU.Build.0 = Debug|Any CPU
		{8790192A-674E-4FAC-8C0C-84F314B40345}.Release|Any CPU.ActiveCfg = Release|Any CPU
		{8790192A-674E-4FAC-8C0C-84F314B40345}.Release|Any CPU.Build.0 = Release|Any CPU
		{41F0FAF0-E547-4213-A074-184FC9B547AE}.Debug|Any CPU.ActiveCfg = Debug|Any CPU
		{41F0FAF0-E547-4213-A074-184FC9B547AE}.Debug|Any CPU.Build.0 = Debug|Any CPU
		{41F0FAF0-E547-4213-A074-184FC9B547AE}.Release|Any CPU.ActiveCfg = Release|Any CPU
		{41F0FAF0-E547-4213-A074-184FC9B547AE}.Release|Any CPU.Build.0 = Release|Any CPU
		{BC9F91EF-AB68-4574-9003-695BE27A0CC6}.Debug|Any CPU.ActiveCfg = Debug|Any CPU
		{BC9F91EF-AB68-4574-9003-695BE27A0CC6}.Debug|Any CPU.Build.0 = Debug|Any CPU
		{BC9F91EF-AB68-4574-9003-695BE27A0CC6}.Release|Any CPU.ActiveCfg = Release|Any CPU
		{BC9F91EF-AB68-4574-9003-695BE27A0CC6}.Release|Any CPU.Build.0 = Release|Any CPU
		{FD9AF026-222E-4F98-8D0B-911BF6127F0A}.Debug|Any CPU.ActiveCfg = Debug|Any CPU
		{FD9AF026-222E-4F98-8D0B-911BF6127F0A}.Debug|Any CPU.Build.0 = Debug|Any CPU
		{FD9AF026-222E-4F98-8D0B-911BF6127F0A}.Release|Any CPU.ActiveCfg = Release|Any CPU
		{FD9AF026-222E-4F98-8D0B-911BF6127F0A}.Release|Any CPU.Build.0 = Release|Any CPU
		{741D135D-52A3-4934-BDB0-B6780B04D6D6}.Debug|Any CPU.ActiveCfg = Debug|Any CPU
		{741D135D-52A3-4934-BDB0-B6780B04D6D6}.Debug|Any CPU.Build.0 = Debug|Any CPU
		{741D135D-52A3-4934-BDB0-B6780B04D6D6}.Release|Any CPU.ActiveCfg = Release|Any CPU
		{741D135D-52A3-4934-BDB0-B6780B04D6D6}.Release|Any CPU.Build.0 = Release|Any CPU
		{C8A0ED7E-CB46-4127-B511-E9C85FF77003}.Debug|Any CPU.ActiveCfg = Debug|Any CPU
		{C8A0ED7E-CB46-4127-B511-E9C85FF77003}.Debug|Any CPU.Build.0 = Debug|Any CPU
		{C8A0ED7E-CB46-4127-B511-E9C85FF77003}.Release|Any CPU.ActiveCfg = Release|Any CPU
		{C8A0ED7E-CB46-4127-B511-E9C85FF77003}.Release|Any CPU.Build.0 = Release|Any CPU
		{6FE8960C-36B3-41C6-9782-636CA00FD6F3}.Debug|Any CPU.ActiveCfg = Debug|Any CPU
		{6FE8960C-36B3-41C6-9782-636CA00FD6F3}.Debug|Any CPU.Build.0 = Debug|Any CPU
		{6FE8960C-36B3-41C6-9782-636CA00FD6F3}.Release|Any CPU.ActiveCfg = Release|Any CPU
		{6FE8960C-36B3-41C6-9782-636CA00FD6F3}.Release|Any CPU.Build.0 = Release|Any CPU
		{C387251D-FD09-4094-9363-F5D818FA97FA}.Debug|Any CPU.ActiveCfg = Debug|Any CPU
		{C387251D-FD09-4094-9363-F5D818FA97FA}.Debug|Any CPU.Build.0 = Debug|Any CPU
		{C387251D-FD09-4094-9363-F5D818FA97FA}.Release|Any CPU.ActiveCfg = Release|Any CPU
		{C387251D-FD09-4094-9363-F5D818FA97FA}.Release|Any CPU.Build.0 = Release|Any CPU
		{B541A2FE-3410-449F-81C3-146543BE5CEC}.Debug|Any CPU.ActiveCfg = Debug|Any CPU
		{B541A2FE-3410-449F-81C3-146543BE5CEC}.Debug|Any CPU.Build.0 = Debug|Any CPU
		{B541A2FE-3410-449F-81C3-146543BE5CEC}.Release|Any CPU.ActiveCfg = Release|Any CPU
		{B541A2FE-3410-449F-81C3-146543BE5CEC}.Release|Any CPU.Build.0 = Release|Any CPU
		{97C239FA-FBE4-4496-8C8C-AFCC1D4AFCBE}.Debug|Any CPU.ActiveCfg = Debug|Any CPU
		{97C239FA-FBE4-4496-8C8C-AFCC1D4AFCBE}.Debug|Any CPU.Build.0 = Debug|Any CPU
		{97C239FA-FBE4-4496-8C8C-AFCC1D4AFCBE}.Release|Any CPU.ActiveCfg = Release|Any CPU
		{97C239FA-FBE4-4496-8C8C-AFCC1D4AFCBE}.Release|Any CPU.Build.0 = Release|Any CPU
		{E593BF2E-874A-4E79-9DE0-39713BCAF022}.Debug|Any CPU.ActiveCfg = Debug|Any CPU
		{E593BF2E-874A-4E79-9DE0-39713BCAF022}.Debug|Any CPU.Build.0 = Debug|Any CPU
		{E593BF2E-874A-4E79-9DE0-39713BCAF022}.Release|Any CPU.ActiveCfg = Release|Any CPU
		{E593BF2E-874A-4E79-9DE0-39713BCAF022}.Release|Any CPU.Build.0 = Release|Any CPU
		{4510E278-A39A-4E91-B9BA-31ECE745ADDD}.Debug|Any CPU.ActiveCfg = Debug|Any CPU
		{4510E278-A39A-4E91-B9BA-31ECE745ADDD}.Debug|Any CPU.Build.0 = Debug|Any CPU
		{4510E278-A39A-4E91-B9BA-31ECE745ADDD}.Release|Any CPU.ActiveCfg = Release|Any CPU
		{4510E278-A39A-4E91-B9BA-31ECE745ADDD}.Release|Any CPU.Build.0 = Release|Any CPU
		{10A45B5A-6047-42CD-817B-90536A6D3A19}.Debug|Any CPU.ActiveCfg = Debug|Any CPU
		{10A45B5A-6047-42CD-817B-90536A6D3A19}.Debug|Any CPU.Build.0 = Debug|Any CPU
		{10A45B5A-6047-42CD-817B-90536A6D3A19}.Release|Any CPU.ActiveCfg = Release|Any CPU
		{10A45B5A-6047-42CD-817B-90536A6D3A19}.Release|Any CPU.Build.0 = Release|Any CPU
		{036B76D1-4D52-4060-BAAE-1924025BC8B6}.Debug|Any CPU.ActiveCfg = Debug|Any CPU
		{036B76D1-4D52-4060-BAAE-1924025BC8B6}.Debug|Any CPU.Build.0 = Debug|Any CPU
		{036B76D1-4D52-4060-BAAE-1924025BC8B6}.Release|Any CPU.ActiveCfg = Release|Any CPU
		{036B76D1-4D52-4060-BAAE-1924025BC8B6}.Release|Any CPU.Build.0 = Release|Any CPU
		{455F38B1-9A1F-46CC-A716-9DB397C0FBB7}.Debug|Any CPU.ActiveCfg = Debug|Any CPU
		{455F38B1-9A1F-46CC-A716-9DB397C0FBB7}.Debug|Any CPU.Build.0 = Debug|Any CPU
		{455F38B1-9A1F-46CC-A716-9DB397C0FBB7}.Release|Any CPU.ActiveCfg = Release|Any CPU
		{455F38B1-9A1F-46CC-A716-9DB397C0FBB7}.Release|Any CPU.Build.0 = Release|Any CPU
		{2AF55FF0-C420-4FA2-956E-1F0060DB81B6}.Debug|Any CPU.ActiveCfg = Debug|Any CPU
		{2AF55FF0-C420-4FA2-956E-1F0060DB81B6}.Debug|Any CPU.Build.0 = Debug|Any CPU
		{2AF55FF0-C420-4FA2-956E-1F0060DB81B6}.Release|Any CPU.ActiveCfg = Release|Any CPU
		{2AF55FF0-C420-4FA2-956E-1F0060DB81B6}.Release|Any CPU.Build.0 = Release|Any CPU
		{4C2973C6-3576-4C16-98D9-3AC6CDA53705}.Debug|Any CPU.ActiveCfg = Debug|Any CPU
		{4C2973C6-3576-4C16-98D9-3AC6CDA53705}.Debug|Any CPU.Build.0 = Debug|Any CPU
		{4C2973C6-3576-4C16-98D9-3AC6CDA53705}.Release|Any CPU.ActiveCfg = Release|Any CPU
		{4C2973C6-3576-4C16-98D9-3AC6CDA53705}.Release|Any CPU.Build.0 = Release|Any CPU
		{C50E5698-69BC-4CEA-946F-D3D3289CC42F}.Debug|Any CPU.ActiveCfg = Debug|Any CPU
		{C50E5698-69BC-4CEA-946F-D3D3289CC42F}.Debug|Any CPU.Build.0 = Debug|Any CPU
		{C50E5698-69BC-4CEA-946F-D3D3289CC42F}.Release|Any CPU.ActiveCfg = Release|Any CPU
		{C50E5698-69BC-4CEA-946F-D3D3289CC42F}.Release|Any CPU.Build.0 = Release|Any CPU
		{3CF9AD62-F9C5-4072-B557-43367CFDB23F}.Debug|Any CPU.ActiveCfg = Debug|Any CPU
		{3CF9AD62-F9C5-4072-B557-43367CFDB23F}.Debug|Any CPU.Build.0 = Debug|Any CPU
		{3CF9AD62-F9C5-4072-B557-43367CFDB23F}.Release|Any CPU.ActiveCfg = Release|Any CPU
		{3CF9AD62-F9C5-4072-B557-43367CFDB23F}.Release|Any CPU.Build.0 = Release|Any CPU
		{2359C1DC-25FB-40E0-8B9B-C4CA4F89D8A2}.Debug|Any CPU.ActiveCfg = Debug|Any CPU
		{2359C1DC-25FB-40E0-8B9B-C4CA4F89D8A2}.Debug|Any CPU.Build.0 = Debug|Any CPU
		{2359C1DC-25FB-40E0-8B9B-C4CA4F89D8A2}.Release|Any CPU.ActiveCfg = Release|Any CPU
		{2359C1DC-25FB-40E0-8B9B-C4CA4F89D8A2}.Release|Any CPU.Build.0 = Release|Any CPU
		{A2163D5D-725C-4E32-815B-7532418ABCDE}.Debug|Any CPU.ActiveCfg = Debug|Any CPU
		{A2163D5D-725C-4E32-815B-7532418ABCDE}.Debug|Any CPU.Build.0 = Debug|Any CPU
		{A2163D5D-725C-4E32-815B-7532418ABCDE}.Release|Any CPU.ActiveCfg = Release|Any CPU
		{A2163D5D-725C-4E32-815B-7532418ABCDE}.Release|Any CPU.Build.0 = Release|Any CPU
		{B49819AD-8D3D-425A-997D-60ADB217D102}.Debug|Any CPU.ActiveCfg = Debug|Any CPU
		{B49819AD-8D3D-425A-997D-60ADB217D102}.Debug|Any CPU.Build.0 = Debug|Any CPU
		{B49819AD-8D3D-425A-997D-60ADB217D102}.Release|Any CPU.ActiveCfg = Release|Any CPU
		{B49819AD-8D3D-425A-997D-60ADB217D102}.Release|Any CPU.Build.0 = Release|Any CPU
		{CE1E7B12-3AB5-4BA3-AC26-0C1E5AC097AB}.Debug|Any CPU.ActiveCfg = Debug|Any CPU
		{CE1E7B12-3AB5-4BA3-AC26-0C1E5AC097AB}.Debug|Any CPU.Build.0 = Debug|Any CPU
		{CE1E7B12-3AB5-4BA3-AC26-0C1E5AC097AB}.Release|Any CPU.ActiveCfg = Release|Any CPU
		{CE1E7B12-3AB5-4BA3-AC26-0C1E5AC097AB}.Release|Any CPU.Build.0 = Release|Any CPU
		{8499301E-AE85-4ED9-8814-1F673E364E29}.Debug|Any CPU.ActiveCfg = Debug|Any CPU
		{8499301E-AE85-4ED9-8814-1F673E364E29}.Debug|Any CPU.Build.0 = Debug|Any CPU
		{8499301E-AE85-4ED9-8814-1F673E364E29}.Release|Any CPU.ActiveCfg = Release|Any CPU
		{8499301E-AE85-4ED9-8814-1F673E364E29}.Release|Any CPU.Build.0 = Release|Any CPU
		{8599D4A8-96F7-49F5-9368-6D8186144744}.Debug|Any CPU.ActiveCfg = Debug|Any CPU
		{8599D4A8-96F7-49F5-9368-6D8186144744}.Debug|Any CPU.Build.0 = Debug|Any CPU
		{8599D4A8-96F7-49F5-9368-6D8186144744}.Release|Any CPU.ActiveCfg = Release|Any CPU
		{8599D4A8-96F7-49F5-9368-6D8186144744}.Release|Any CPU.Build.0 = Release|Any CPU
		{65F6D925-1A42-4C7D-8C62-0B52B385886A}.Debug|Any CPU.ActiveCfg = Debug|Any CPU
		{65F6D925-1A42-4C7D-8C62-0B52B385886A}.Debug|Any CPU.Build.0 = Debug|Any CPU
		{65F6D925-1A42-4C7D-8C62-0B52B385886A}.Release|Any CPU.ActiveCfg = Release|Any CPU
		{65F6D925-1A42-4C7D-8C62-0B52B385886A}.Release|Any CPU.Build.0 = Release|Any CPU
		{D481525A-711F-44E3-AA49-14DFBCEBA310}.Debug|Any CPU.ActiveCfg = Debug|Any CPU
		{D481525A-711F-44E3-AA49-14DFBCEBA310}.Debug|Any CPU.Build.0 = Debug|Any CPU
		{D481525A-711F-44E3-AA49-14DFBCEBA310}.Release|Any CPU.ActiveCfg = Release|Any CPU
		{D481525A-711F-44E3-AA49-14DFBCEBA310}.Release|Any CPU.Build.0 = Release|Any CPU
		{FE5B6D37-01A6-4E68-888E-9358CD6A60E7}.Debug|Any CPU.ActiveCfg = Debug|Any CPU
		{FE5B6D37-01A6-4E68-888E-9358CD6A60E7}.Debug|Any CPU.Build.0 = Debug|Any CPU
		{FE5B6D37-01A6-4E68-888E-9358CD6A60E7}.Release|Any CPU.ActiveCfg = Release|Any CPU
		{FE5B6D37-01A6-4E68-888E-9358CD6A60E7}.Release|Any CPU.Build.0 = Release|Any CPU
		{6A9E40C8-1B55-460D-BC9C-88A8F0DB3BB7}.Debug|Any CPU.ActiveCfg = Debug|Any CPU
		{6A9E40C8-1B55-460D-BC9C-88A8F0DB3BB7}.Debug|Any CPU.Build.0 = Debug|Any CPU
		{6A9E40C8-1B55-460D-BC9C-88A8F0DB3BB7}.Release|Any CPU.ActiveCfg = Release|Any CPU
		{6A9E40C8-1B55-460D-BC9C-88A8F0DB3BB7}.Release|Any CPU.Build.0 = Release|Any CPU
		{97D5CFDB-BBB5-4D44-9301-40A64D7530DF}.Debug|Any CPU.ActiveCfg = Debug|Any CPU
		{97D5CFDB-BBB5-4D44-9301-40A64D7530DF}.Debug|Any CPU.Build.0 = Debug|Any CPU
		{97D5CFDB-BBB5-4D44-9301-40A64D7530DF}.Release|Any CPU.ActiveCfg = Release|Any CPU
		{97D5CFDB-BBB5-4D44-9301-40A64D7530DF}.Release|Any CPU.Build.0 = Release|Any CPU
		{D93EFECD-197B-4B6F-A327-977F601B1A9B}.Debug|Any CPU.ActiveCfg = Debug|Any CPU
		{D93EFECD-197B-4B6F-A327-977F601B1A9B}.Debug|Any CPU.Build.0 = Debug|Any CPU
		{D93EFECD-197B-4B6F-A327-977F601B1A9B}.Release|Any CPU.ActiveCfg = Release|Any CPU
		{D93EFECD-197B-4B6F-A327-977F601B1A9B}.Release|Any CPU.Build.0 = Release|Any CPU
		{BB1F485F-13AC-4868-9955-9F1D54316BA1}.Debug|Any CPU.ActiveCfg = Debug|Any CPU
		{BB1F485F-13AC-4868-9955-9F1D54316BA1}.Debug|Any CPU.Build.0 = Debug|Any CPU
		{BB1F485F-13AC-4868-9955-9F1D54316BA1}.Release|Any CPU.ActiveCfg = Release|Any CPU
		{BB1F485F-13AC-4868-9955-9F1D54316BA1}.Release|Any CPU.Build.0 = Release|Any CPU
		{B82F0FEB-55B1-4AC8-AE94-E9EE0AA45733}.Debug|Any CPU.ActiveCfg = Debug|Any CPU
		{B82F0FEB-55B1-4AC8-AE94-E9EE0AA45733}.Debug|Any CPU.Build.0 = Debug|Any CPU
		{B82F0FEB-55B1-4AC8-AE94-E9EE0AA45733}.Release|Any CPU.ActiveCfg = Release|Any CPU
		{B82F0FEB-55B1-4AC8-AE94-E9EE0AA45733}.Release|Any CPU.Build.0 = Release|Any CPU
		{4B59C2C2-8B32-4AB2-AC52-655C28A49B4C}.Debug|Any CPU.ActiveCfg = Debug|Any CPU
		{4B59C2C2-8B32-4AB2-AC52-655C28A49B4C}.Debug|Any CPU.Build.0 = Debug|Any CPU
		{4B59C2C2-8B32-4AB2-AC52-655C28A49B4C}.Release|Any CPU.ActiveCfg = Release|Any CPU
		{4B59C2C2-8B32-4AB2-AC52-655C28A49B4C}.Release|Any CPU.Build.0 = Release|Any CPU
		{313ABA81-1196-4885-ACC5-1A9EE7E9C44D}.Debug|Any CPU.ActiveCfg = Debug|Any CPU
		{313ABA81-1196-4885-ACC5-1A9EE7E9C44D}.Debug|Any CPU.Build.0 = Debug|Any CPU
		{313ABA81-1196-4885-ACC5-1A9EE7E9C44D}.Release|Any CPU.ActiveCfg = Release|Any CPU
		{313ABA81-1196-4885-ACC5-1A9EE7E9C44D}.Release|Any CPU.Build.0 = Release|Any CPU
		{1C630EEB-498A-41F1-B692-20C46251A04B}.Debug|Any CPU.ActiveCfg = Debug|Any CPU
		{1C630EEB-498A-41F1-B692-20C46251A04B}.Debug|Any CPU.Build.0 = Debug|Any CPU
		{1C630EEB-498A-41F1-B692-20C46251A04B}.Release|Any CPU.ActiveCfg = Release|Any CPU
		{1C630EEB-498A-41F1-B692-20C46251A04B}.Release|Any CPU.Build.0 = Release|Any CPU
		{1CC233C8-45CD-442E-9212-BBD74478C23B}.Debug|Any CPU.ActiveCfg = Debug|Any CPU
		{1CC233C8-45CD-442E-9212-BBD74478C23B}.Debug|Any CPU.Build.0 = Debug|Any CPU
		{1CC233C8-45CD-442E-9212-BBD74478C23B}.Release|Any CPU.ActiveCfg = Release|Any CPU
		{1CC233C8-45CD-442E-9212-BBD74478C23B}.Release|Any CPU.Build.0 = Release|Any CPU
		{27C7CA00-B5F0-4345-91E9-B523BF1DA01F}.Debug|Any CPU.ActiveCfg = Debug|Any CPU
		{27C7CA00-B5F0-4345-91E9-B523BF1DA01F}.Debug|Any CPU.Build.0 = Debug|Any CPU
		{27C7CA00-B5F0-4345-91E9-B523BF1DA01F}.Release|Any CPU.ActiveCfg = Release|Any CPU
		{27C7CA00-B5F0-4345-91E9-B523BF1DA01F}.Release|Any CPU.Build.0 = Release|Any CPU
		{13DFC3C8-D31E-4766-8049-6E5E1E7B9E77}.Debug|Any CPU.ActiveCfg = Debug|Any CPU
		{13DFC3C8-D31E-4766-8049-6E5E1E7B9E77}.Debug|Any CPU.Build.0 = Debug|Any CPU
		{13DFC3C8-D31E-4766-8049-6E5E1E7B9E77}.Release|Any CPU.ActiveCfg = Release|Any CPU
		{13DFC3C8-D31E-4766-8049-6E5E1E7B9E77}.Release|Any CPU.Build.0 = Release|Any CPU
		{EDB5CE00-9F9C-49C8-9393-5995A12785C8}.Debug|Any CPU.ActiveCfg = Debug|Any CPU
		{EDB5CE00-9F9C-49C8-9393-5995A12785C8}.Debug|Any CPU.Build.0 = Debug|Any CPU
		{EDB5CE00-9F9C-49C8-9393-5995A12785C8}.Release|Any CPU.ActiveCfg = Release|Any CPU
		{EDB5CE00-9F9C-49C8-9393-5995A12785C8}.Release|Any CPU.Build.0 = Release|Any CPU
		{C77E31BE-14D9-4C09-96BF-081CFE20CA9F}.Debug|Any CPU.ActiveCfg = Debug|Any CPU
		{C77E31BE-14D9-4C09-96BF-081CFE20CA9F}.Debug|Any CPU.Build.0 = Debug|Any CPU
		{C77E31BE-14D9-4C09-96BF-081CFE20CA9F}.Release|Any CPU.ActiveCfg = Release|Any CPU
		{C77E31BE-14D9-4C09-96BF-081CFE20CA9F}.Release|Any CPU.Build.0 = Release|Any CPU
		{5B73A4AA-663A-4627-BCA1-64B4E533E741}.Debug|Any CPU.ActiveCfg = Debug|Any CPU
		{5B73A4AA-663A-4627-BCA1-64B4E533E741}.Debug|Any CPU.Build.0 = Debug|Any CPU
		{5B73A4AA-663A-4627-BCA1-64B4E533E741}.Release|Any CPU.ActiveCfg = Release|Any CPU
		{5B73A4AA-663A-4627-BCA1-64B4E533E741}.Release|Any CPU.Build.0 = Release|Any CPU
		{857C6C4A-A8B7-4E82-B49C-E6382AB1AE8D}.Debug|Any CPU.ActiveCfg = Debug|Any CPU
		{857C6C4A-A8B7-4E82-B49C-E6382AB1AE8D}.Debug|Any CPU.Build.0 = Debug|Any CPU
		{857C6C4A-A8B7-4E82-B49C-E6382AB1AE8D}.Release|Any CPU.ActiveCfg = Release|Any CPU
		{857C6C4A-A8B7-4E82-B49C-E6382AB1AE8D}.Release|Any CPU.Build.0 = Release|Any CPU
		{8EF47733-C062-4F26-87F1-70C26CF57EA4}.Debug|Any CPU.ActiveCfg = Debug|Any CPU
		{8EF47733-C062-4F26-87F1-70C26CF57EA4}.Debug|Any CPU.Build.0 = Debug|Any CPU
		{8EF47733-C062-4F26-87F1-70C26CF57EA4}.Release|Any CPU.ActiveCfg = Release|Any CPU
		{8EF47733-C062-4F26-87F1-70C26CF57EA4}.Release|Any CPU.Build.0 = Release|Any CPU
		{D1BE96B1-DA69-4257-A63A-BD12E77E1324}.Debug|Any CPU.ActiveCfg = Debug|Any CPU
		{D1BE96B1-DA69-4257-A63A-BD12E77E1324}.Debug|Any CPU.Build.0 = Debug|Any CPU
		{D1BE96B1-DA69-4257-A63A-BD12E77E1324}.Release|Any CPU.ActiveCfg = Release|Any CPU
		{D1BE96B1-DA69-4257-A63A-BD12E77E1324}.Release|Any CPU.Build.0 = Release|Any CPU
		{4137E9B9-F4F2-4E14-ABE8-1BBE71F329E4}.Debug|Any CPU.ActiveCfg = Debug|Any CPU
		{4137E9B9-F4F2-4E14-ABE8-1BBE71F329E4}.Debug|Any CPU.Build.0 = Debug|Any CPU
		{4137E9B9-F4F2-4E14-ABE8-1BBE71F329E4}.Release|Any CPU.ActiveCfg = Release|Any CPU
		{4137E9B9-F4F2-4E14-ABE8-1BBE71F329E4}.Release|Any CPU.Build.0 = Release|Any CPU
		{85F8BAD7-3805-4C56-B1E1-6F90C056AF16}.Debug|Any CPU.ActiveCfg = Debug|Any CPU
		{85F8BAD7-3805-4C56-B1E1-6F90C056AF16}.Debug|Any CPU.Build.0 = Debug|Any CPU
		{85F8BAD7-3805-4C56-B1E1-6F90C056AF16}.Release|Any CPU.ActiveCfg = Release|Any CPU
		{85F8BAD7-3805-4C56-B1E1-6F90C056AF16}.Release|Any CPU.Build.0 = Release|Any CPU
		{58A662F0-D5AE-4E07-9717-6ADD9A105A01}.Debug|Any CPU.ActiveCfg = Debug|Any CPU
		{58A662F0-D5AE-4E07-9717-6ADD9A105A01}.Debug|Any CPU.Build.0 = Debug|Any CPU
		{58A662F0-D5AE-4E07-9717-6ADD9A105A01}.Release|Any CPU.ActiveCfg = Release|Any CPU
		{58A662F0-D5AE-4E07-9717-6ADD9A105A01}.Release|Any CPU.Build.0 = Release|Any CPU
		{FE7CC6AC-35D1-4D99-ADDE-456378404BCE}.Debug|Any CPU.ActiveCfg = Debug|Any CPU
		{FE7CC6AC-35D1-4D99-ADDE-456378404BCE}.Debug|Any CPU.Build.0 = Debug|Any CPU
		{FE7CC6AC-35D1-4D99-ADDE-456378404BCE}.Release|Any CPU.ActiveCfg = Release|Any CPU
		{FE7CC6AC-35D1-4D99-ADDE-456378404BCE}.Release|Any CPU.Build.0 = Release|Any CPU
	EndGlobalSection
	GlobalSection(SolutionProperties) = preSolution
		HideSolutionNode = FALSE
	EndGlobalSection
	GlobalSection(NestedProjects) = preSolution
		{9ED8DC35-2B92-4C57-9B0B-50807BC64F30} = {A8094320-EA85-4613-A6D5-D640D2B98127}
		{079D400F-04BE-4EEF-8C9F-2C75E5994F54} = {A8094320-EA85-4613-A6D5-D640D2B98127}
		{6BAE6E3C-AC3B-46E7-B74C-8A4ACA27DB5E} = {A8094320-EA85-4613-A6D5-D640D2B98127}
		{5B76BA97-D33C-4F37-BB4C-32B67A68EDF3} = {A8094320-EA85-4613-A6D5-D640D2B98127}
		{8790192A-674E-4FAC-8C0C-84F314B40345} = {A8094320-EA85-4613-A6D5-D640D2B98127}
		{41F0FAF0-E547-4213-A074-184FC9B547AE} = {A8094320-EA85-4613-A6D5-D640D2B98127}
		{BC9F91EF-AB68-4574-9003-695BE27A0CC6} = {A8094320-EA85-4613-A6D5-D640D2B98127}
		{FD9AF026-222E-4F98-8D0B-911BF6127F0A} = {A8094320-EA85-4613-A6D5-D640D2B98127}
		{741D135D-52A3-4934-BDB0-B6780B04D6D6} = {A8094320-EA85-4613-A6D5-D640D2B98127}
		{C8A0ED7E-CB46-4127-B511-E9C85FF77003} = {A8094320-EA85-4613-A6D5-D640D2B98127}
		{6FE8960C-36B3-41C6-9782-636CA00FD6F3} = {A8094320-EA85-4613-A6D5-D640D2B98127}
		{C387251D-FD09-4094-9363-F5D818FA97FA} = {A8094320-EA85-4613-A6D5-D640D2B98127}
		{B541A2FE-3410-449F-81C3-146543BE5CEC} = {A8094320-EA85-4613-A6D5-D640D2B98127}
		{97C239FA-FBE4-4496-8C8C-AFCC1D4AFCBE} = {A8094320-EA85-4613-A6D5-D640D2B98127}
		{E593BF2E-874A-4E79-9DE0-39713BCAF022} = {A8094320-EA85-4613-A6D5-D640D2B98127}
		{4510E278-A39A-4E91-B9BA-31ECE745ADDD} = {A8094320-EA85-4613-A6D5-D640D2B98127}
		{10A45B5A-6047-42CD-817B-90536A6D3A19} = {A8094320-EA85-4613-A6D5-D640D2B98127}
		{036B76D1-4D52-4060-BAAE-1924025BC8B6} = {A8094320-EA85-4613-A6D5-D640D2B98127}
		{455F38B1-9A1F-46CC-A716-9DB397C0FBB7} = {A8094320-EA85-4613-A6D5-D640D2B98127}
		{2AF55FF0-C420-4FA2-956E-1F0060DB81B6} = {A8094320-EA85-4613-A6D5-D640D2B98127}
		{4C2973C6-3576-4C16-98D9-3AC6CDA53705} = {A8094320-EA85-4613-A6D5-D640D2B98127}
		{C50E5698-69BC-4CEA-946F-D3D3289CC42F} = {A8094320-EA85-4613-A6D5-D640D2B98127}
		{3CF9AD62-F9C5-4072-B557-43367CFDB23F} = {A8094320-EA85-4613-A6D5-D640D2B98127}
		{2359C1DC-25FB-40E0-8B9B-C4CA4F89D8A2} = {A8094320-EA85-4613-A6D5-D640D2B98127}
		{A2163D5D-725C-4E32-815B-7532418ABCDE} = {A8094320-EA85-4613-A6D5-D640D2B98127}
		{B49819AD-8D3D-425A-997D-60ADB217D102} = {A8094320-EA85-4613-A6D5-D640D2B98127}
		{CE1E7B12-3AB5-4BA3-AC26-0C1E5AC097AB} = {A8094320-EA85-4613-A6D5-D640D2B98127}
		{8499301E-AE85-4ED9-8814-1F673E364E29} = {A8094320-EA85-4613-A6D5-D640D2B98127}
		{8599D4A8-96F7-49F5-9368-6D8186144744} = {A8094320-EA85-4613-A6D5-D640D2B98127}
		{65F6D925-1A42-4C7D-8C62-0B52B385886A} = {A8094320-EA85-4613-A6D5-D640D2B98127}
		{D481525A-711F-44E3-AA49-14DFBCEBA310} = {A8094320-EA85-4613-A6D5-D640D2B98127}
		{FE5B6D37-01A6-4E68-888E-9358CD6A60E7} = {A8094320-EA85-4613-A6D5-D640D2B98127}
		{6A9E40C8-1B55-460D-BC9C-88A8F0DB3BB7} = {A8094320-EA85-4613-A6D5-D640D2B98127}
		{97D5CFDB-BBB5-4D44-9301-40A64D7530DF} = {A8094320-EA85-4613-A6D5-D640D2B98127}
		{D93EFECD-197B-4B6F-A327-977F601B1A9B} = {A8094320-EA85-4613-A6D5-D640D2B98127}
		{BB1F485F-13AC-4868-9955-9F1D54316BA1} = {A8094320-EA85-4613-A6D5-D640D2B98127}
		{B82F0FEB-55B1-4AC8-AE94-E9EE0AA45733} = {A8094320-EA85-4613-A6D5-D640D2B98127}
		{4B59C2C2-8B32-4AB2-AC52-655C28A49B4C} = {A8094320-EA85-4613-A6D5-D640D2B98127}
		{313ABA81-1196-4885-ACC5-1A9EE7E9C44D} = {A8094320-EA85-4613-A6D5-D640D2B98127}
		{1C630EEB-498A-41F1-B692-20C46251A04B} = {A8094320-EA85-4613-A6D5-D640D2B98127}
		{1CC233C8-45CD-442E-9212-BBD74478C23B} = {A8094320-EA85-4613-A6D5-D640D2B98127}
		{27C7CA00-B5F0-4345-91E9-B523BF1DA01F} = {A8094320-EA85-4613-A6D5-D640D2B98127}
		{13DFC3C8-D31E-4766-8049-6E5E1E7B9E77} = {A8094320-EA85-4613-A6D5-D640D2B98127}
		{EDB5CE00-9F9C-49C8-9393-5995A12785C8} = {A8094320-EA85-4613-A6D5-D640D2B98127}
		{C77E31BE-14D9-4C09-96BF-081CFE20CA9F} = {A8094320-EA85-4613-A6D5-D640D2B98127}
		{5B73A4AA-663A-4627-BCA1-64B4E533E741} = {A8094320-EA85-4613-A6D5-D640D2B98127}
		{857C6C4A-A8B7-4E82-B49C-E6382AB1AE8D} = {A8094320-EA85-4613-A6D5-D640D2B98127}
		{8EF47733-C062-4F26-87F1-70C26CF57EA4} = {A8094320-EA85-4613-A6D5-D640D2B98127}
		{D1BE96B1-DA69-4257-A63A-BD12E77E1324} = {A8094320-EA85-4613-A6D5-D640D2B98127}
		{4137E9B9-F4F2-4E14-ABE8-1BBE71F329E4} = {97CE5435-30CC-4E5B-9903-F1653B0C9191}
		{85F8BAD7-3805-4C56-B1E1-6F90C056AF16} = {2160B1A6-45BD-4533-B100-03C20F3F6831}
		{58A662F0-D5AE-4E07-9717-6ADD9A105A01} = {2160B1A6-45BD-4533-B100-03C20F3F6831}
		{FE7CC6AC-35D1-4D99-ADDE-456378404BCE} = {2160B1A6-45BD-4533-B100-03C20F3F6831}
	EndGlobalSection
EndGlobal
