
Microsoft Visual Studio Solution File, Format Version 10.00
# Visual Studio 2008
Project("{FAE04EC0-301F-11D3-BF4B-00C04F79EFBC}") = "RatcowHiriganaTool", "RatcowHiriganaTool\RatcowHiriganaTool.csproj", "{D51354B3-6DE9-4B73-8D03-C8DCFDEB0697}"
EndProject
Project("{FAE04EC0-301F-11D3-BF4B-00C04F79EFBC}") = "RatCow.Hiragana", "RatCow.Hiragana\RatCow.Hiragana.csproj", "{9CF94C57-855F-4942-9880-FACD12433551}"
EndProject
Project("{FAE04EC0-301F-11D3-BF4B-00C04F79EFBC}") = "RatCow.Katakana", "RatCow.Katakana\RatCow.Katakana.csproj", "{C69D539C-CF5F-49CC-9DE5-56DD1CCF173E}"
EndProject
Project("{FAE04EC0-301F-11D3-BF4B-00C04F79EFBC}") = "RatCow.KanaSupport", "RatCow.KanaSupport\RatCow.KanaSupport.csproj", "{32AD1616-4600-4655-AB01-708353A6743B}"
EndProject
Global
	GlobalSection(SolutionConfigurationPlatforms) = preSolution
		Debug|Any CPU = Debug|Any CPU
		Release|Any CPU = Release|Any CPU
	EndGlobalSection
	GlobalSection(ProjectConfigurationPlatforms) = postSolution
		{D51354B3-6DE9-4B73-8D03-C8DCFDEB0697}.Debug|Any CPU.ActiveCfg = Debug|Any CPU
		{D51354B3-6DE9-4B73-8D03-C8DCFDEB0697}.Debug|Any CPU.Build.0 = Debug|Any CPU
		{D51354B3-6DE9-4B73-8D03-C8DCFDEB0697}.Release|Any CPU.ActiveCfg = Release|Any CPU
		{D51354B3-6DE9-4B73-8D03-C8DCFDEB0697}.Release|Any CPU.Build.0 = Release|Any CPU
		{9CF94C57-855F-4942-9880-FACD12433551}.Debug|Any CPU.ActiveCfg = Debug|Any CPU
		{9CF94C57-855F-4942-9880-FACD12433551}.Debug|Any CPU.Build.0 = Debug|Any CPU
		{9CF94C57-855F-4942-9880-FACD12433551}.Release|Any CPU.ActiveCfg = Release|Any CPU
		{9CF94C57-855F-4942-9880-FACD12433551}.Release|Any CPU.Build.0 = Release|Any CPU
		{C69D539C-CF5F-49CC-9DE5-56DD1CCF173E}.Debug|Any CPU.ActiveCfg = Debug|Any CPU
		{C69D539C-CF5F-49CC-9DE5-56DD1CCF173E}.Debug|Any CPU.Build.0 = Debug|Any CPU
		{C69D539C-CF5F-49CC-9DE5-56DD1CCF173E}.Release|Any CPU.ActiveCfg = Release|Any CPU
		{C69D539C-CF5F-49CC-9DE5-56DD1CCF173E}.Release|Any CPU.Build.0 = Release|Any CPU
		{32AD1616-4600-4655-AB01-708353A6743B}.Debug|Any CPU.ActiveCfg = Debug|Any CPU
		{32AD1616-4600-4655-AB01-708353A6743B}.Debug|Any CPU.Build.0 = Debug|Any CPU
		{32AD1616-4600-4655-AB01-708353A6743B}.Release|Any CPU.ActiveCfg = Release|Any CPU
		{32AD1616-4600-4655-AB01-708353A6743B}.Release|Any CPU.Build.0 = Release|Any CPU
	EndGlobalSection
	GlobalSection(SolutionProperties) = preSolution
		HideSolutionNode = FALSE
	EndGlobalSection
EndGlobal
