
Microsoft Visual Studio Solution File, Format Version 10.00
# Visual Studio 2008
Project("{FAE04EC0-301F-11D3-BF4B-00C04F79EFBC}") = "PricingBasket", "PricingBasket\PricingBasket.csproj", "{A8F81D15-F663-4981-BDF7-D52780FF8546}"
EndProject
Project("{FAE04EC0-301F-11D3-BF4B-00C04F79EFBC}") = "PricingBasket.API", "PricingBasket.API\PricingBasket.API.csproj", "{3C5CD00C-3E46-4FC0-92B0-F82E8E6F7027}"
EndProject
Project("{FAE04EC0-301F-11D3-BF4B-00C04F79EFBC}") = "PricingBasket.API.Tests", "PricingBasket.API.Tests\PricingBasket.API.Tests.csproj", "{C98B36AA-BF6F-4FE3-9DAB-07D96CFE7F6F}"
EndProject
Project("{2150E333-8FDC-42A3-9474-1A3956D46DE8}") = "Solution Items", "Solution Items", "{E4ACE558-70EC-4028-A5F7-B1DDF90FB609}"
	ProjectSection(SolutionItems) = preProject
		assignments.vsmdi = assignments.vsmdi
		LocalTestRun.testrunconfig = LocalTestRun.testrunconfig
	EndProjectSection
EndProject
Global
	GlobalSection(TestCaseManagementSettings) = postSolution
		CategoryFile = assignments.vsmdi
	EndGlobalSection
	GlobalSection(SolutionConfigurationPlatforms) = preSolution
		Debug|Any CPU = Debug|Any CPU
		Release|Any CPU = Release|Any CPU
	EndGlobalSection
	GlobalSection(ProjectConfigurationPlatforms) = postSolution
		{A8F81D15-F663-4981-BDF7-D52780FF8546}.Debug|Any CPU.ActiveCfg = Debug|Any CPU
		{A8F81D15-F663-4981-BDF7-D52780FF8546}.Debug|Any CPU.Build.0 = Debug|Any CPU
		{A8F81D15-F663-4981-BDF7-D52780FF8546}.Release|Any CPU.ActiveCfg = Release|Any CPU
		{A8F81D15-F663-4981-BDF7-D52780FF8546}.Release|Any CPU.Build.0 = Release|Any CPU
		{3C5CD00C-3E46-4FC0-92B0-F82E8E6F7027}.Debug|Any CPU.ActiveCfg = Debug|Any CPU
		{3C5CD00C-3E46-4FC0-92B0-F82E8E6F7027}.Debug|Any CPU.Build.0 = Debug|Any CPU
		{3C5CD00C-3E46-4FC0-92B0-F82E8E6F7027}.Release|Any CPU.ActiveCfg = Release|Any CPU
		{3C5CD00C-3E46-4FC0-92B0-F82E8E6F7027}.Release|Any CPU.Build.0 = Release|Any CPU
		{C98B36AA-BF6F-4FE3-9DAB-07D96CFE7F6F}.Debug|Any CPU.ActiveCfg = Debug|Any CPU
		{C98B36AA-BF6F-4FE3-9DAB-07D96CFE7F6F}.Debug|Any CPU.Build.0 = Debug|Any CPU
		{C98B36AA-BF6F-4FE3-9DAB-07D96CFE7F6F}.Release|Any CPU.ActiveCfg = Release|Any CPU
		{C98B36AA-BF6F-4FE3-9DAB-07D96CFE7F6F}.Release|Any CPU.Build.0 = Release|Any CPU
	EndGlobalSection
	GlobalSection(SolutionProperties) = preSolution
		HideSolutionNode = FALSE
	EndGlobalSection
EndGlobal
