
Microsoft Visual Studio Solution File, Format Version 10.00
# Visual Studio 2008
Project("{FAE04EC0-301F-11D3-BF4B-00C04F79EFBC}") = "testapp", "testapp\testapp.csproj", "{8B9E0CCB-CFDD-465E-886D-20C944E52FD7}"
EndProject
Project("{FAE04EC0-301F-11D3-BF4B-00C04F79EFBC}") = "MvcFramework", "MvcFramework\MvcFramework.csproj", "{1736B130-6424-4F9D-BB98-1B2588BAFB4A}"
EndProject
Project("{FAE04EC0-301F-11D3-BF4B-00C04F79EFBC}") = "MvcTool", "MvcTool\MvcTool.csproj", "{8CDC0107-0842-41A8-AD9C-E26FFB6B7F10}"
EndProject
Global
	GlobalSection(SolutionConfigurationPlatforms) = preSolution
		Debug|Any CPU = Debug|Any CPU
		Release|Any CPU = Release|Any CPU
	EndGlobalSection
	GlobalSection(ProjectConfigurationPlatforms) = postSolution
		{8B9E0CCB-CFDD-465E-886D-20C944E52FD7}.Debug|Any CPU.ActiveCfg = Debug|Any CPU
		{8B9E0CCB-CFDD-465E-886D-20C944E52FD7}.Debug|Any CPU.Build.0 = Debug|Any CPU
		{8B9E0CCB-CFDD-465E-886D-20C944E52FD7}.Release|Any CPU.ActiveCfg = Release|Any CPU
		{8B9E0CCB-CFDD-465E-886D-20C944E52FD7}.Release|Any CPU.Build.0 = Release|Any CPU
		{1736B130-6424-4F9D-BB98-1B2588BAFB4A}.Debug|Any CPU.ActiveCfg = Debug|Any CPU
		{1736B130-6424-4F9D-BB98-1B2588BAFB4A}.Debug|Any CPU.Build.0 = Debug|Any CPU
		{1736B130-6424-4F9D-BB98-1B2588BAFB4A}.Release|Any CPU.ActiveCfg = Release|Any CPU
		{1736B130-6424-4F9D-BB98-1B2588BAFB4A}.Release|Any CPU.Build.0 = Release|Any CPU
		{8CDC0107-0842-41A8-AD9C-E26FFB6B7F10}.Debug|Any CPU.ActiveCfg = Debug|Any CPU
		{8CDC0107-0842-41A8-AD9C-E26FFB6B7F10}.Debug|Any CPU.Build.0 = Debug|Any CPU
		{8CDC0107-0842-41A8-AD9C-E26FFB6B7F10}.Release|Any CPU.ActiveCfg = Release|Any CPU
		{8CDC0107-0842-41A8-AD9C-E26FFB6B7F10}.Release|Any CPU.Build.0 = Release|Any CPU
	EndGlobalSection
	GlobalSection(SolutionProperties) = preSolution
		HideSolutionNode = FALSE
	EndGlobalSection
EndGlobal
