
Microsoft Visual Studio Solution File, Format Version 11.00
# Visual Studio 2010
Project("{FAE04EC0-301F-11D3-BF4B-00C04F79EFBC}") = "System.Drawing.Html.Renderer", "System.Drawing.Html.Renderer\System.Drawing.Html.Renderer.csproj", "{57BE2409-50EC-43F6-97B0-FEEDE1FEBD2E}"
EndProject
Project("{FAE04EC0-301F-11D3-BF4B-00C04F79EFBC}") = "System.Drawing.Html", "System.Drawing.Html\System.Drawing.Html.csproj", "{1B058920-24B4-4140-8AE7-C8C6C38CA52D}"
EndProject
Project("{FAE04EC0-301F-11D3-BF4B-00C04F79EFBC}") = "System.Drawing.Html.PDF", "System.Drawing.Html.PDF\System.Drawing.Html.PDF.csproj", "{388E88AD-1B4F-4411-BDA0-D9298C0A9C8A}"
EndProject
Global
	GlobalSection(SolutionConfigurationPlatforms) = preSolution
		Debug (WAS)|Any CPU = Debug (WAS)|Any CPU
		Debug|Any CPU = Debug|Any CPU
		Release|Any CPU = Release|Any CPU
	EndGlobalSection
	GlobalSection(ProjectConfigurationPlatforms) = postSolution
		{57BE2409-50EC-43F6-97B0-FEEDE1FEBD2E}.Debug (WAS)|Any CPU.ActiveCfg = Debug|Any CPU
		{57BE2409-50EC-43F6-97B0-FEEDE1FEBD2E}.Debug (WAS)|Any CPU.Build.0 = Debug|Any CPU
		{57BE2409-50EC-43F6-97B0-FEEDE1FEBD2E}.Debug|Any CPU.ActiveCfg = Debug|Any CPU
		{57BE2409-50EC-43F6-97B0-FEEDE1FEBD2E}.Debug|Any CPU.Build.0 = Debug|Any CPU
		{57BE2409-50EC-43F6-97B0-FEEDE1FEBD2E}.Release|Any CPU.ActiveCfg = Release|Any CPU
		{57BE2409-50EC-43F6-97B0-FEEDE1FEBD2E}.Release|Any CPU.Build.0 = Release|Any CPU
		{1B058920-24B4-4140-8AE7-C8C6C38CA52D}.Debug (WAS)|Any CPU.ActiveCfg = Debug (WAS)|Any CPU
		{1B058920-24B4-4140-8AE7-C8C6C38CA52D}.Debug (WAS)|Any CPU.Build.0 = Debug (WAS)|Any CPU
		{1B058920-24B4-4140-8AE7-C8C6C38CA52D}.Debug|Any CPU.ActiveCfg = Debug|Any CPU
		{1B058920-24B4-4140-8AE7-C8C6C38CA52D}.Debug|Any CPU.Build.0 = Debug|Any CPU
		{1B058920-24B4-4140-8AE7-C8C6C38CA52D}.Release|Any CPU.ActiveCfg = Release|Any CPU
		{1B058920-24B4-4140-8AE7-C8C6C38CA52D}.Release|Any CPU.Build.0 = Release|Any CPU
		{388E88AD-1B4F-4411-BDA0-D9298C0A9C8A}.Debug (WAS)|Any CPU.ActiveCfg = Debug|Any CPU
		{388E88AD-1B4F-4411-BDA0-D9298C0A9C8A}.Debug (WAS)|Any CPU.Build.0 = Debug|Any CPU
		{388E88AD-1B4F-4411-BDA0-D9298C0A9C8A}.Debug|Any CPU.ActiveCfg = Debug|Any CPU
		{388E88AD-1B4F-4411-BDA0-D9298C0A9C8A}.Debug|Any CPU.Build.0 = Debug|Any CPU
		{388E88AD-1B4F-4411-BDA0-D9298C0A9C8A}.Release|Any CPU.ActiveCfg = Release|Any CPU
		{388E88AD-1B4F-4411-BDA0-D9298C0A9C8A}.Release|Any CPU.Build.0 = Release|Any CPU
	EndGlobalSection
	GlobalSection(SolutionProperties) = preSolution
		HideSolutionNode = FALSE
	EndGlobalSection
EndGlobal
